// !$*UTF8*$!
{
	archiveVersion = 1;
	classes = {
	};
	objectVersion = 55;
	objects = {

/* Begin PBXBuildFile section */
		4F03E0E128F6C95D0086F186 /* CreateData.swift in Sources */ = {isa = PBXBuildFile; fileRef = 4F03E0E028F6C95D0086F186 /* CreateData.swift */; };
		4F03E0E328F6CC8C0086F186 /* DataManager.swift in Sources */ = {isa = PBXBuildFile; fileRef = 4F03E0E228F6CC8C0086F186 /* DataManager.swift */; };
		4F72B6A428F4758B0015AA8B /* AppDelegate.swift in Sources */ = {isa = PBXBuildFile; fileRef = 4F72B6A328F4758B0015AA8B /* AppDelegate.swift */; };
		4F72B6A628F4758B0015AA8B /* SceneDelegate.swift in Sources */ = {isa = PBXBuildFile; fileRef = 4F72B6A528F4758B0015AA8B /* SceneDelegate.swift */; };
		4F72B6A828F4758B0015AA8B /* ViewController.swift in Sources */ = {isa = PBXBuildFile; fileRef = 4F72B6A728F4758B0015AA8B /* ViewController.swift */; };
		4F72B6AB28F4758B0015AA8B /* Main.storyboard in Resources */ = {isa = PBXBuildFile; fileRef = 4F72B6A928F4758B0015AA8B /* Main.storyboard */; };
		4F72B6AD28F4758D0015AA8B /* Assets.xcassets in Resources */ = {isa = PBXBuildFile; fileRef = 4F72B6AC28F4758D0015AA8B /* Assets.xcassets */; };
		4F72B6B028F4758D0015AA8B /* LaunchScreen.storyboard in Resources */ = {isa = PBXBuildFile; fileRef = 4F72B6AE28F4758D0015AA8B /* LaunchScreen.storyboard */; };
		C1F1ED3F27DBFF256D3C0237 /* Pods_Chart.framework in Frameworks */ = {isa = PBXBuildFile; fileRef = 705D7ED21C483712FC280254 /* Pods_Chart.framework */; };
/* End PBXBuildFile section */

/* Begin PBXFileReference section */
		4F03E0E028F6C95D0086F186 /* CreateData.swift */ = {isa = PBXFileReference; lastKnownFileType = sourcecode.swift; path = CreateData.swift; sourceTree = "<group>"; };
		4F03E0E228F6CC8C0086F186 /* DataManager.swift */ = {isa = PBXFileReference; lastKnownFileType = sourcecode.swift; path = DataManager.swift; sourceTree = "<group>"; };
		4F72B6A028F4758B0015AA8B /* Chart.app */ = {isa = PBXFileReference; explicitFileType = wrapper.application; includeInIndex = 0; path = Chart.app; sourceTree = BUILT_PRODUCTS_DIR; };
		4F72B6A328F4758B0015AA8B /* AppDelegate.swift */ = {isa = PBXFileReference; lastKnownFileType = sourcecode.swift; path = AppDelegate.swift; sourceTree = "<group>"; };
		4F72B6A528F4758B0015AA8B /* SceneDelegate.swift */ = {isa = PBXFileReference; lastKnownFileType = sourcecode.swift; path = SceneDelegate.swift; sourceTree = "<group>"; };
		4F72B6A728F4758B0015AA8B /* ViewController.swift */ = {isa = PBXFileReference; lastKnownFileType = sourcecode.swift; path = ViewController.swift; sourceTree = "<group>"; };
		4F72B6AA28F4758B0015AA8B /* Base */ = {isa = PBXFileReference; lastKnownFileType = file.storyboard; name = Base; path = Base.lproj/Main.storyboard; sourceTree = "<group>"; };
		4F72B6AC28F4758D0015AA8B /* Assets.xcassets */ = {isa = PBXFileReference; lastKnownFileType = folder.assetcatalog; path = Assets.xcassets; sourceTree = "<group>"; };
		4F72B6AF28F4758D0015AA8B /* Base */ = {isa = PBXFileReference; lastKnownFileType = file.storyboard; name = Base; path = Base.lproj/LaunchScreen.storyboard; sourceTree = "<group>"; };
		4F72B6B128F4758D0015AA8B /* Info.plist */ = {isa = PBXFileReference; lastKnownFileType = text.plist.xml; path = Info.plist; sourceTree = "<group>"; };
		705D7ED21C483712FC280254 /* Pods_Chart.framework */ = {isa = PBXFileReference; explicitFileType = wrapper.framework; includeInIndex = 0; path = Pods_Chart.framework; sourceTree = BUILT_PRODUCTS_DIR; };
		7E172C89FBFF8306446E918A /* Pods-Chart.release.xcconfig */ = {isa = PBXFileReference; includeInIndex = 1; lastKnownFileType = text.xcconfig; name = "Pods-Chart.release.xcconfig"; path = "Target Support Files/Pods-Chart/Pods-Chart.release.xcconfig"; sourceTree = "<group>"; };
		BF5BCAEE293D3AA4E7983977 /* Pods-Chart.debug.xcconfig */ = {isa = PBXFileReference; includeInIndex = 1; lastKnownFileType = text.xcconfig; name = "Pods-Chart.debug.xcconfig"; path = "Target Support Files/Pods-Chart/Pods-Chart.debug.xcconfig"; sourceTree = "<group>"; };
/* End PBXFileReference section */

/* Begin PBXFrameworksBuildPhase section */
		4F72B69D28F4758B0015AA8B /* Frameworks */ = {
			isa = PBXFrameworksBuildPhase;
			buildActionMask = 2147483647;
			files = (
				C1F1ED3F27DBFF256D3C0237 /* Pods_Chart.framework in Frameworks */,
			);
			runOnlyForDeploymentPostprocessing = 0;
		};
/* End PBXFrameworksBuildPhase section */

/* Begin PBXGroup section */
		05F3470B24ABCDB172892995 /* Frameworks */ = {
			isa = PBXGroup;
			children = (
				705D7ED21C483712FC280254 /* Pods_Chart.framework */,
			);
			name = Frameworks;
			sourceTree = "<group>";
		};
		4F72B69728F4758B0015AA8B = {
			isa = PBXGroup;
			children = (
				4F72B6A228F4758B0015AA8B /* Chart */,
				4F72B6A128F4758B0015AA8B /* Products */,
				56B24CBEB115F218E89BF63B /* Pods */,
				05F3470B24ABCDB172892995 /* Frameworks */,
			);
			sourceTree = "<group>";
		};
		4F72B6A128F4758B0015AA8B /* Products */ = {
			isa = PBXGroup;
			children = (
				4F72B6A028F4758B0015AA8B /* Chart.app */,
			);
			name = Products;
			sourceTree = "<group>";
		};
		4F72B6A228F4758B0015AA8B /* Chart */ = {
			isa = PBXGroup;
			children = (
				4F72B6A328F4758B0015AA8B /* AppDelegate.swift */,
				4F72B6A528F4758B0015AA8B /* SceneDelegate.swift */,
				4F72B6A728F4758B0015AA8B /* ViewController.swift */,
				4F03E0E028F6C95D0086F186 /* CreateData.swift */,
				4F03E0E228F6CC8C0086F186 /* DataManager.swift */,
				4F72B6A928F4758B0015AA8B /* Main.storyboard */,
				4F72B6AC28F4758D0015AA8B /* Assets.xcassets */,
				4F72B6AE28F4758D0015AA8B /* LaunchScreen.storyboard */,
				4F72B6B128F4758D0015AA8B /* Info.plist */,
			);
			path = Chart;
			sourceTree = "<group>";
		};
		56B24CBEB115F218E89BF63B /* Pods */ = {
			isa = PBXGroup;
			children = (
				BF5BCAEE293D3AA4E7983977 /* Pods-Chart.debug.xcconfig */,
				7E172C89FBFF8306446E918A /* Pods-Chart.release.xcconfig */,
			);
			path = Pods;
			sourceTree = "<group>";
		};
/* End PBXGroup section */

/* Begin PBXNativeTarget section */
		4F72B69F28F4758B0015AA8B /* Chart */ = {
			isa = PBXNativeTarget;
			buildConfigurationList = 4F72B6B428F4758D0015AA8B /* Build configuration list for PBXNativeTarget "Chart" */;
			buildPhases = (
				514E4AF99CA4E2131922070F /* [CP] Check Pods Manifest.lock */,
				4F72B69C28F4758B0015AA8B /* Sources */,
				4F72B69D28F4758B0015AA8B /* Frameworks */,
				4F72B69E28F4758B0015AA8B /* Resources */,
				0B476D0D136C6F8805DFB2CD /* [CP] Embed Pods Frameworks */,
			);
			buildRules = (
			);
			dependencies = (
			);
			name = Chart;
			productName = Chart;
			productReference = 4F72B6A028F4758B0015AA8B /* Chart.app */;
			productType = "com.apple.product-type.application";
		};
/* End PBXNativeTarget section */

/* Begin PBXProject section */
		4F72B69828F4758B0015AA8B /* Project object */ = {
			isa = PBXProject;
			attributes = {
				BuildIndependentTargetsInParallel = 1;
				LastSwiftUpdateCheck = 1400;
				LastUpgradeCheck = 1400;
				TargetAttributes = {
					4F72B69F28F4758B0015AA8B = {
						CreatedOnToolsVersion = 14.0.1;
					};
				};
			};
			buildConfigurationList = 4F72B69B28F4758B0015AA8B /* Build configuration list for PBXProject "Chart" */;
			compatibilityVersion = "Xcode 13.0";
			developmentRegion = en;
			hasScannedForEncodings = 0;
			knownRegions = (
				en,
				Base,
			);
			mainGroup = 4F72B69728F4758B0015AA8B;
			productRefGroup = 4F72B6A128F4758B0015AA8B /* Products */;
			projectDirPath = "";
			projectRoot = "";
			targets = (
				4F72B69F28F4758B0015AA8B /* Chart */,
			);
		};
/* End PBXProject section */

/* Begin PBXResourcesBuildPhase section */
		4F72B69E28F4758B0015AA8B /* Resources */ = {
			isa = PBXResourcesBuildPhase;
			buildActionMask = 2147483647;
			files = (
				4F72B6B028F4758D0015AA8B /* LaunchScreen.storyboard in Resources */,
				4F72B6AD28F4758D0015AA8B /* Assets.xcassets in Resources */,
				4F72B6AB28F4758B0015AA8B /* Main.storyboard in Resources */,
			);
			runOnlyForDeploymentPostprocessing = 0;
		};
/* End PBXResourcesBuildPhase section */

/* Begin PBXShellScriptBuildPhase section */
		0B476D0D136C6F8805DFB2CD /* [CP] Embed Pods Frameworks */ = {
			isa = PBXShellScriptBuildPhase;
			buildActionMask = 2147483647;
			files = (
			);
			inputFileListPaths = (
				"${PODS_ROOT}/Target Support Files/Pods-Chart/Pods-Chart-frameworks-${CONFIGURATION}-input-files.xcfilelist",
			);
			name = "[CP] Embed Pods Frameworks";
			outputFileListPaths = (
				"${PODS_ROOT}/Target Support Files/Pods-Chart/Pods-Chart-frameworks-${CONFIGURATION}-output-files.xcfilelist",
			);
			runOnlyForDeploymentPostprocessing = 0;
			shellPath = /bin/sh;
			shellScript = "\"${PODS_ROOT}/Target Support Files/Pods-Chart/Pods-Chart-frameworks.sh\"\n";
			showEnvVarsInLog = 0;
		};
		514E4AF99CA4E2131922070F /* [CP] Check Pods Manifest.lock */ = {
			isa = PBXShellScriptBuildPhase;
			buildActionMask = 2147483647;
			files = (
			);
			inputFileListPaths = (
			);
			inputPaths = (
				"${PODS_PODFILE_DIR_PATH}/Podfile.lock",
				"${PODS_ROOT}/Manifest.lock",
			);
			name = "[CP] Check Pods Manifest.lock";
			outputFileListPaths = (
			);
			outputPaths = (
				"$(DERIVED_FILE_DIR)/Pods-Chart-checkManifestLockResult.txt",
			);
			runOnlyForDeploymentPostprocessing = 0;
			shellPath = /bin/sh;
			shellScript = "diff \"${PODS_PODFILE_DIR_PATH}/Podfile.lock\" \"${PODS_ROOT}/Manifest.lock\" > /dev/null\nif [ $? != 0 ] ; then\n    # print error to STDERR\n    echo \"error: The sandbox is not in sync with the Podfile.lock. Run 'pod install' or update your CocoaPods installation.\" >&2\n    exit 1\nfi\n# This output is used by Xcode 'outputs' to avoid re-running this script phase.\necho \"SUCCESS\" > \"${SCRIPT_OUTPUT_FILE_0}\"\n";
			showEnvVarsInLog = 0;
		};
/* End PBXShellScriptBuildPhase section */

/* Begin PBXSourcesBuildPhase section */
		4F72B69C28F4758B0015AA8B /* Sources */ = {
			isa = PBXSourcesBuildPhase;
			buildActionMask = 2147483647;
			files = (
				4F72B6A828F4758B0015AA8B /* ViewController.swift in Sources */,
				4F72B6A428F4758B0015AA8B /* AppDelegate.swift in Sources */,
				4F03E0E128F6C95D0086F186 /* CreateData.swift in Sources */,
				4F72B6A628F4758B0015AA8B /* SceneDelegate.swift in Sources */,
				4F03E0E328F6CC8C0086F186 /* DataManager.swift in Sources */,
			);
			runOnlyForDeploymentPostprocessing = 0;
		};
/* End PBXSourcesBuildPhase section */

/* Begin PBXVariantGroup section */
		4F72B6A928F4758B0015AA8B /* Main.storyboard */ = {
			isa = PBXVariantGroup;
			children = (
				4F72B6AA28F4758B0015AA8B /* Base */,
			);
			name = Main.storyboard;
			sourceTree = "<group>";
		};
		4F72B6AE28F4758D0015AA8B /* LaunchScreen.storyboard */ = {
			isa = PBXVariantGroup;
			children = (
				4F72B6AF28F4758D0015AA8B /* Base */,
			);
			name = LaunchScreen.storyboard;
			sourceTree = "<group>";
		};
/* End PBXVariantGroup section */

/* Begin XCBuildConfiguration section */
		4F72B6B228F4758D0015AA8B /* Debug */ = {
			isa = XCBuildConfiguration;
			buildSettings = {
				ALWAYS_SEARCH_USER_PATHS = NO;
				CLANG_ANALYZER_NONNULL = YES;
				CLANG_ANALYZER_NUMBER_OBJECT_CONVERSION = YES_AGGRESSIVE;
				CLANG_CXX_LANGUAGE_STANDARD = "gnu++20";
				CLANG_ENABLE_MODULES = YES;
				CLANG_ENABLE_OBJC_ARC = YES;
				CLANG_ENABLE_OBJC_WEAK = YES;
				CLANG_WARN_BLOCK_CAPTURE_AUTORELEASING = YES;
				CLANG_WARN_BOOL_CONVERSION = YES;
				CLANG_WARN_COMMA = YES;
				CLANG_WARN_CONSTANT_CONVERSION = YES;
				CLANG_WARN_DEPRECATED_OBJC_IMPLEMENTATIONS = YES;
				CLANG_WARN_DIRECT_OBJC_ISA_USAGE = YES_ERROR;
				CLANG_WARN_DOCUMENTATION_COMMENTS = YES;
				CLANG_WARN_EMPTY_BODY = YES;
				CLANG_WARN_ENUM_CONVERSION = YES;
				CLANG_WARN_INFINITE_RECURSION = YES;
				CLANG_WARN_INT_CONVERSION = YES;
				CLANG_WARN_NON_LITERAL_NULL_CONVERSION = YES;
				CLANG_WARN_OBJC_IMPLICIT_RETAIN_SELF = YES;
				CLANG_WARN_OBJC_LITERAL_CONVERSION = YES;
				CLANG_WARN_OBJC_ROOT_CLASS = YES_ERROR;
				CLANG_WARN_QUOTED_INCLUDE_IN_FRAMEWORK_HEADER = YES;
				CLANG_WARN_RANGE_LOOP_ANALYSIS = YES;
				CLANG_WARN_STRICT_PROTOTYPES = YES;
				CLANG_WARN_SUSPICIOUS_MOVE = YES;
				CLANG_WARN_UNGUARDED_AVAILABILITY = YES_AGGRESSIVE;
				CLANG_WARN_UNREACHABLE_CODE = YES;
				CLANG_WARN__DUPLICATE_METHOD_MATCH = YES;
				COPY_PHASE_STRIP = NO;
				DEBUG_INFORMATION_FORMAT = dwarf;
				ENABLE_STRICT_OBJC_MSGSEND = YES;
				ENABLE_TESTABILITY = YES;
				GCC_C_LANGUAGE_STANDARD = gnu11;
				GCC_DYNAMIC_NO_PIC = NO;
				GCC_NO_COMMON_BLOCKS = YES;
				GCC_OPTIMIZATION_LEVEL = 0;
				GCC_PREPROCESSOR_DEFINITIONS = (
					"DEBUG=1",
					"$(inherited)",
				);
				GCC_WARN_64_TO_32_BIT_CONVERSION = YES;
				GCC_WARN_ABOUT_RETURN_TYPE = YES_ERROR;
				GCC_WARN_UNDECLARED_SELECTOR = YES;
				GCC_WARN_UNINITIALIZED_AUTOS = YES_AGGRESSIVE;
				GCC_WARN_UNUSED_FUNCTION = YES;
				GCC_WARN_UNUSED_VARIABLE = YES;
				IPHONEOS_DEPLOYMENT_TARGET = 16.0;
				MTL_ENABLE_DEBUG_INFO = INCLUDE_SOURCE;
				MTL_FAST_MATH = YES;
				ONLY_ACTIVE_ARCH = YES;
				SDKROOT = iphoneos;
				SWIFT_ACTIVE_COMPILATION_CONDITIONS = DEBUG;
				SWIFT_OPTIMIZATION_LEVEL = "-Onone";
			};
			name = Debug;
		};
		4F72B6B328F4758D0015AA8B /* Release */ = {
			isa = XCBuildConfiguration;
			buildSettings = {
				ALWAYS_SEARCH_USER_PATHS = NO;
				CLANG_ANALYZER_NONNULL = YES;
				CLANG_ANALYZER_NUMBER_OBJECT_CONVERSION = YES_AGGRESSIVE;
				CLANG_CXX_LANGUAGE_STANDARD = "gnu++20";
				CLANG_ENABLE_MODULES = YES;
				CLANG_ENABLE_OBJC_ARC = YES;
				CLANG_ENABLE_OBJC_WEAK = YES;
				CLANG_WARN_BLOCK_CAPTURE_AUTORELEASING = YES;
				CLANG_WARN_BOOL_CONVERSION = YES;
				CLANG_WARN_COMMA = YES;
				CLANG_WARN_CONSTANT_CONVERSION = YES;
				CLANG_WARN_DEPRECATED_OBJC_IMPLEMENTATIONS = YES;
				CLANG_WARN_DIRECT_OBJC_ISA_USAGE = YES_ERROR;
				CLANG_WARN_DOCUMENTATION_COMMENTS = YES;
				CLANG_WARN_EMPTY_BODY = YES;
				CLANG_WARN_ENUM_CONVERSION = YES;
				CLANG_WARN_INFINITE_RECURSION = YES;
				CLANG_WARN_INT_CONVERSION = YES;
				CLANG_WARN_NON_LITERAL_NULL_CONVERSION = YES;
				CLANG_WARN_OBJC_IMPLICIT_RETAIN_SELF = YES;
				CLANG_WARN_OBJC_LITERAL_CONVERSION = YES;
				CLANG_WARN_OBJC_ROOT_CLASS = YES_ERROR;
				CLANG_WARN_QUOTED_INCLUDE_IN_FRAMEWORK_HEADER = YES;
				CLANG_WARN_RANGE_LOOP_ANALYSIS = YES;
				CLANG_WARN_STRICT_PROTOTYPES = YES;
				CLANG_WARN_SUSPICIOUS_MOVE = YES;
				CLANG_WARN_UNGUARDED_AVAILABILITY = YES_AGGRESSIVE;
				CLANG_WARN_UNREACHABLE_CODE = YES;
				CLANG_WARN__DUPLICATE_METHOD_MATCH = YES;
				COPY_PHASE_STRIP = NO;
				DEBUG_INFORMATION_FORMAT = "dwarf-with-dsym";
				ENABLE_NS_ASSERTIONS = NO;
				ENABLE_STRICT_OBJC_MSGSEND = YES;
				GCC_C_LANGUAGE_STANDARD = gnu11;
				GCC_NO_COMMON_BLOCKS = YES;
				GCC_WARN_64_TO_32_BIT_CONVERSION = YES;
				GCC_WARN_ABOUT_RETURN_TYPE = YES_ERROR;
				GCC_WARN_UNDECLARED_SELECTOR = YES;
				GCC_WARN_UNINITIALIZED_AUTOS = YES_AGGRESSIVE;
				GCC_WARN_UNUSED_FUNCTION = YES;
				GCC_WARN_UNUSED_VARIABLE = YES;
				IPHONEOS_DEPLOYMENT_TARGET = 16.0;
				MTL_ENABLE_DEBUG_INFO = NO;
				MTL_FAST_MATH = YES;
				SDKROOT = iphoneos;
				SWIFT_COMPILATION_MODE = wholemodule;
				SWIFT_OPTIMIZATION_LEVEL = "-O";
				VALIDATE_PRODUCT = YES;
			};
			name = Release;
		};
		4F72B6B528F4758D0015AA8B /* Debug */ = {
			isa = XCBuildConfiguration;
			baseConfigurationReference = BF5BCAEE293D3AA4E7983977 /* Pods-Chart.debug.xcconfig */;
			buildSettings = {
				ASSETCATALOG_COMPILER_APPICON_NAME = AppIcon;
				ASSETCATALOG_COMPILER_GLOBAL_ACCENT_COLOR_NAME = AccentColor;
				CODE_SIGN_STYLE = Automatic;
				CURRENT_PROJECT_VERSION = 1;
				DEVELOPMENT_TEAM = 8QDSW22UKG;
				GENERATE_INFOPLIST_FILE = YES;
				INFOPLIST_FILE = Chart/Info.plist;
				INFOPLIST_KEY_UIApplicationSupportsIndirectInputEvents = YES;
				INFOPLIST_KEY_UILaunchStoryboardName = LaunchScreen;
				INFOPLIST_KEY_UIMainStoryboardFile = Main;
				INFOPLIST_KEY_UISupportedInterfaceOrientations_iPad = "UIInterfaceOrientationPortrait UIInterfaceOrientationPortraitUpsideDown UIInterfaceOrientationLandscapeLeft UIInterfaceOrientationLandscapeRight";
				INFOPLIST_KEY_UISupportedInterfaceOrientations_iPhone = "UIInterfaceOrientationPortrait UIInterfaceOrientationLandscapeLeft UIInterfaceOrientationLandscapeRight";
				IPHONEOS_DEPLOYMENT_TARGET = 15.3;
				LD_RUNPATH_SEARCH_PATHS = (
					"$(inherited)",
					"@executable_path/Frameworks",
				);
				MARKETING_VERSION = 1.0;
				PRODUCT_BUNDLE_IDENTIFIER = com.sunny.Chart;
				PRODUCT_NAME = "$(TARGET_NAME)";
				SUPPORTED_PLATFORMS = "iphoneos iphonesimulator";
				SUPPORTS_MACCATALYST = NO;
				SUPPORTS_MAC_DESIGNED_FOR_IPHONE_IPAD = NO;
				SWIFT_EMIT_LOC_STRINGS = YES;
				SWIFT_VERSION = 5.0;
				TARGETED_DEVICE_FAMILY = 1;
			};
			name = Debug;
		};
		4F72B6B628F4758D0015AA8B /* Release */ = {
			isa = XCBuildConfiguration;
			baseConfigurationReference = 7E172C89FBFF8306446E918A /* Pods-Chart.release.xcconfig */;
			buildSettings = {
				ASSETCATALOG_COMPILER_APPICON_NAME = AppIcon;
				ASSETCATALOG_COMPILER_GLOBAL_ACCENT_COLOR_NAME = AccentColor;
				CODE_SIGN_STYLE = Automatic;
				CURRENT_PROJECT_VERSION = 1;
				DEVELOPMENT_TEAM = 8QDSW22UKG;
				GENERATE_INFOPLIST_FILE = YES;
				INFOPLIST_FILE = Chart/Info.plist;
				INFOPLIST_KEY_UIApplicationSupportsIndirectInputEvents = YES;
				INFOPLIST_KEY_UILaunchStoryboardName = LaunchScreen;
				INFOPLIST_KEY_UIMainStoryboardFile = Main;
				INFOPLIST_KEY_UISupportedInterfaceOrientations_iPad = "UIInterfaceOrientationPortrait UIInterfaceOrientationPortraitUpsideDown UIInterfaceOrientationLandscapeLeft UIInterfaceOrientationLandscapeRight";
				INFOPLIST_KEY_UISupportedInterfaceOrientations_iPhone = "UIInterfaceOrientationPortrait UIInterfaceOrientationLandscapeLeft UIInterfaceOrientationLandscapeRight";
				IPHONEOS_DEPLOYMENT_TARGET = 15.3;
				LD_RUNPATH_SEARCH_PATHS = (
					"$(inherited)",
					"@executable_path/Frameworks",
				);
				MARKETING_VERSION = 1.0;
				PRODUCT_BUNDLE_IDENTIFIER = com.sunny.Chart;
				PRODUCT_NAME = "$(TARGET_NAME)";
				SUPPORTED_PLATFORMS = "iphoneos iphonesimulator";
				SUPPORTS_MACCATALYST = NO;
				SUPPORTS_MAC_DESIGNED_FOR_IPHONE_IPAD = NO;
				SWIFT_EMIT_LOC_STRINGS = YES;
				SWIFT_VERSION = 5.0;
				TARGETED_DEVICE_FAMILY = 1;
			};
			name = Release;
		};
/* End XCBuildConfiguration section */

/* Begin XCConfigurationList section */
		4F72B69B28F4758B0015AA8B /* Build configuration list for PBXProject "Chart" */ = {
			isa = XCConfigurationList;
			buildConfigurations = (
				4F72B6B228F4758D0015AA8B /* Debug */,
				4F72B6B328F4758D0015AA8B /* Release */,
			);
			defaultConfigurationIsVisible = 0;
			defaultConfigurationName = Release;
		};
		4F72B6B428F4758D0015AA8B /* Build configuration list for PBXNativeTarget "Chart" */ = {
			isa = XCConfigurationList;
			buildConfigurations = (
				4F72B6B528F4758D0015AA8B /* Debug */,
				4F72B6B628F4758D0015AA8B /* Release */,
			);
			defaultConfigurationIsVisible = 0;
			defaultConfigurationName = Release;
		};
/* End XCConfigurationList section */
	};
	rootObject = 4F72B69828F4758B0015AA8B /* Project object */;
}
