// !$*UTF8*$!
{
	archiveVersion = 1;
	classes = {
	};
	objectVersion = 55;
	objects = {

/* Begin PBXBuildFile section */
		4F72B6C428F478360015AA8B /* AppDelegate.swift in Sources */ = {isa = PBXBuildFile; fileRef = 4F72B6C328F478360015AA8B /* AppDelegate.swift */; };
		4F72B6C628F478360015AA8B /* SceneDelegate.swift in Sources */ = {isa = PBXBuildFile; fileRef = 4F72B6C528F478360015AA8B /* SceneDelegate.swift */; };
		4F72B6C828F478360015AA8B /* HomeController.swift in Sources */ = {isa = PBXBuildFile; fileRef = 4F72B6C728F478360015AA8B /* HomeController.swift */; };
		4F72B6CB28F478360015AA8B /* Main.storyboard in Resources */ = {isa = PBXBuildFile; fileRef = 4F72B6C928F478360015AA8B /* Main.storyboard */; };
		4F72B6CD28F478380015AA8B /* Assets.xcassets in Resources */ = {isa = PBXBuildFile; fileRef = 4F72B6CC28F478380015AA8B /* Assets.xcassets */; };
		4F72B6D028F478380015AA8B /* LaunchScreen.storyboard in Resources */ = {isa = PBXBuildFile; fileRef = 4F72B6CE28F478380015AA8B /* LaunchScreen.storyboard */; };
		4F72B6DA28F54C930015AA8B /* TabBarViewController.swift in Sources */ = {isa = PBXBuildFile; fileRef = 4F72B6D928F54C930015AA8B /* TabBarViewController.swift */; };
		4F72B6DC28F54E9C0015AA8B /* SecondViewController.swift in Sources */ = {isa = PBXBuildFile; fileRef = 4F72B6DB28F54E9C0015AA8B /* SecondViewController.swift */; };
		4F72B6DE28F54EA40015AA8B /* ThirdViewController.swift in Sources */ = {isa = PBXBuildFile; fileRef = 4F72B6DD28F54EA40015AA8B /* ThirdViewController.swift */; };
		4F72B6E028F551480015AA8B /* LottoViewController.swift in Sources */ = {isa = PBXBuildFile; fileRef = 4F72B6DF28F551480015AA8B /* LottoViewController.swift */; };
		4F72B6E228F5517A0015AA8B /* FourthViewController.swift in Sources */ = {isa = PBXBuildFile; fileRef = 4F72B6E128F5517A0015AA8B /* FourthViewController.swift */; };
		4F9942F028F5E19D003AD124 /* CustomTabBar.swift in Sources */ = {isa = PBXBuildFile; fileRef = 4F9942EF28F5E19D003AD124 /* CustomTabBar.swift */; };
/* End PBXBuildFile section */

/* Begin PBXFileReference section */
		4F72B6C028F478360015AA8B /* CustomTabBar.app */ = {isa = PBXFileReference; explicitFileType = wrapper.application; includeInIndex = 0; path = CustomTabBar.app; sourceTree = BUILT_PRODUCTS_DIR; };
		4F72B6C328F478360015AA8B /* AppDelegate.swift */ = {isa = PBXFileReference; lastKnownFileType = sourcecode.swift; path = AppDelegate.swift; sourceTree = "<group>"; };
		4F72B6C528F478360015AA8B /* SceneDelegate.swift */ = {isa = PBXFileReference; lastKnownFileType = sourcecode.swift; path = SceneDelegate.swift; sourceTree = "<group>"; };
		4F72B6C728F478360015AA8B /* HomeController.swift */ = {isa = PBXFileReference; lastKnownFileType = sourcecode.swift; path = HomeController.swift; sourceTree = "<group>"; };
		4F72B6CA28F478360015AA8B /* Base */ = {isa = PBXFileReference; lastKnownFileType = file.storyboard; name = Base; path = Base.lproj/Main.storyboard; sourceTree = "<group>"; };
		4F72B6CC28F478380015AA8B /* Assets.xcassets */ = {isa = PBXFileReference; lastKnownFileType = folder.assetcatalog; path = Assets.xcassets; sourceTree = "<group>"; };
		4F72B6CF28F478380015AA8B /* Base */ = {isa = PBXFileReference; lastKnownFileType = file.storyboard; name = Base; path = Base.lproj/LaunchScreen.storyboard; sourceTree = "<group>"; };
		4F72B6D128F478380015AA8B /* Info.plist */ = {isa = PBXFileReference; lastKnownFileType = text.plist.xml; path = Info.plist; sourceTree = "<group>"; };
		4F72B6D928F54C930015AA8B /* TabBarViewController.swift */ = {isa = PBXFileReference; lastKnownFileType = sourcecode.swift; path = TabBarViewController.swift; sourceTree = "<group>"; };
		4F72B6DB28F54E9C0015AA8B /* SecondViewController.swift */ = {isa = PBXFileReference; lastKnownFileType = sourcecode.swift; path = SecondViewController.swift; sourceTree = "<group>"; };
		4F72B6DD28F54EA40015AA8B /* ThirdViewController.swift */ = {isa = PBXFileReference; lastKnownFileType = sourcecode.swift; path = ThirdViewController.swift; sourceTree = "<group>"; };
		4F72B6DF28F551480015AA8B /* LottoViewController.swift */ = {isa = PBXFileReference; lastKnownFileType = sourcecode.swift; path = LottoViewController.swift; sourceTree = "<group>"; };
		4F72B6E128F5517A0015AA8B /* FourthViewController.swift */ = {isa = PBXFileReference; lastKnownFileType = sourcecode.swift; path = FourthViewController.swift; sourceTree = "<group>"; };
		4F9942EF28F5E19D003AD124 /* CustomTabBar.swift */ = {isa = PBXFileReference; lastKnownFileType = sourcecode.swift; path = CustomTabBar.swift; sourceTree = "<group>"; };
/* End PBXFileReference section */

/* Begin PBXFrameworksBuildPhase section */
		4F72B6BD28F478360015AA8B /* Frameworks */ = {
			isa = PBXFrameworksBuildPhase;
			buildActionMask = 2147483647;
			files = (
			);
			runOnlyForDeploymentPostprocessing = 0;
		};
/* End PBXFrameworksBuildPhase section */

/* Begin PBXGroup section */
		4F72B6B728F478360015AA8B = {
			isa = PBXGroup;
			children = (
				4F72B6C228F478360015AA8B /* CustomTabBar */,
				4F72B6C128F478360015AA8B /* Products */,
			);
			sourceTree = "<group>";
		};
		4F72B6C128F478360015AA8B /* Products */ = {
			isa = PBXGroup;
			children = (
				4F72B6C028F478360015AA8B /* CustomTabBar.app */,
			);
			name = Products;
			sourceTree = "<group>";
		};
		4F72B6C228F478360015AA8B /* CustomTabBar */ = {
			isa = PBXGroup;
			children = (
				4F72B6C328F478360015AA8B /* AppDelegate.swift */,
				4F72B6C528F478360015AA8B /* SceneDelegate.swift */,
				4F9942EE28F5E17E003AD124 /* TabBar */,
				4F9942E928F5D558003AD124 /* ViewController */,
				4F72B6C928F478360015AA8B /* Main.storyboard */,
				4F72B6CC28F478380015AA8B /* Assets.xcassets */,
				4F72B6CE28F478380015AA8B /* LaunchScreen.storyboard */,
				4F72B6D128F478380015AA8B /* Info.plist */,
			);
			path = CustomTabBar;
			sourceTree = "<group>";
		};
		4F9942E928F5D558003AD124 /* ViewController */ = {
			isa = PBXGroup;
			children = (
				4F72B6C728F478360015AA8B /* HomeController.swift */,
				4F72B6DF28F551480015AA8B /* LottoViewController.swift */,
				4F72B6DB28F54E9C0015AA8B /* SecondViewController.swift */,
				4F72B6DD28F54EA40015AA8B /* ThirdViewController.swift */,
				4F72B6E128F5517A0015AA8B /* FourthViewController.swift */,
			);
			path = ViewController;
			sourceTree = "<group>";
		};
		4F9942EE28F5E17E003AD124 /* TabBar */ = {
			isa = PBXGroup;
			children = (
				4F72B6D928F54C930015AA8B /* TabBarViewController.swift */,
				4F9942EF28F5E19D003AD124 /* CustomTabBar.swift */,
			);
			path = TabBar;
			sourceTree = "<group>";
		};
/* End PBXGroup section */

/* Begin PBXNativeTarget section */
		4F72B6BF28F478360015AA8B /* CustomTabBar */ = {
			isa = PBXNativeTarget;
			buildConfigurationList = 4F72B6D428F478380015AA8B /* Build configuration list for PBXNativeTarget "CustomTabBar" */;
			buildPhases = (
				4F72B6BC28F478360015AA8B /* Sources */,
				4F72B6BD28F478360015AA8B /* Frameworks */,
				4F72B6BE28F478360015AA8B /* Resources */,
			);
			buildRules = (
			);
			dependencies = (
			);
			name = CustomTabBar;
			productName = CustomTabBar;
			productReference = 4F72B6C028F478360015AA8B /* CustomTabBar.app */;
			productType = "com.apple.product-type.application";
		};
/* End PBXNativeTarget section */

/* Begin PBXProject section */
		4F72B6B828F478360015AA8B /* Project object */ = {
			isa = PBXProject;
			attributes = {
				BuildIndependentTargetsInParallel = 1;
				LastSwiftUpdateCheck = 1400;
				LastUpgradeCheck = 1400;
				TargetAttributes = {
					4F72B6BF28F478360015AA8B = {
						CreatedOnToolsVersion = 14.0.1;
					};
				};
			};
			buildConfigurationList = 4F72B6BB28F478360015AA8B /* Build configuration list for PBXProject "CustomTabBar" */;
			compatibilityVersion = "Xcode 13.0";
			developmentRegion = en;
			hasScannedForEncodings = 0;
			knownRegions = (
				en,
				Base,
			);
			mainGroup = 4F72B6B728F478360015AA8B;
			productRefGroup = 4F72B6C128F478360015AA8B /* Products */;
			projectDirPath = "";
			projectRoot = "";
			targets = (
				4F72B6BF28F478360015AA8B /* CustomTabBar */,
			);
		};
/* End PBXProject section */

/* Begin PBXResourcesBuildPhase section */
		4F72B6BE28F478360015AA8B /* Resources */ = {
			isa = PBXResourcesBuildPhase;
			buildActionMask = 2147483647;
			files = (
				4F72B6D028F478380015AA8B /* LaunchScreen.storyboard in Resources */,
				4F72B6CD28F478380015AA8B /* Assets.xcassets in Resources */,
				4F72B6CB28F478360015AA8B /* Main.storyboard in Resources */,
			);
			runOnlyForDeploymentPostprocessing = 0;
		};
/* End PBXResourcesBuildPhase section */

/* Begin PBXSourcesBuildPhase section */
		4F72B6BC28F478360015AA8B /* Sources */ = {
			isa = PBXSourcesBuildPhase;
			buildActionMask = 2147483647;
			files = (
				4F9942F028F5E19D003AD124 /* CustomTabBar.swift in Sources */,
				4F72B6DA28F54C930015AA8B /* TabBarViewController.swift in Sources */,
				4F72B6C828F478360015AA8B /* HomeController.swift in Sources */,
				4F72B6C428F478360015AA8B /* AppDelegate.swift in Sources */,
				4F72B6E028F551480015AA8B /* LottoViewController.swift in Sources */,
				4F72B6E228F5517A0015AA8B /* FourthViewController.swift in Sources */,
				4F72B6DC28F54E9C0015AA8B /* SecondViewController.swift in Sources */,
				4F72B6DE28F54EA40015AA8B /* ThirdViewController.swift in Sources */,
				4F72B6C628F478360015AA8B /* SceneDelegate.swift in Sources */,
			);
			runOnlyForDeploymentPostprocessing = 0;
		};
/* End PBXSourcesBuildPhase section */

/* Begin PBXVariantGroup section */
		4F72B6C928F478360015AA8B /* Main.storyboard */ = {
			isa = PBXVariantGroup;
			children = (
				4F72B6CA28F478360015AA8B /* Base */,
			);
			name = Main.storyboard;
			sourceTree = "<group>";
		};
		4F72B6CE28F478380015AA8B /* LaunchScreen.storyboard */ = {
			isa = PBXVariantGroup;
			children = (
				4F72B6CF28F478380015AA8B /* Base */,
			);
			name = LaunchScreen.storyboard;
			sourceTree = "<group>";
		};
/* End PBXVariantGroup section */

/* Begin XCBuildConfiguration section */
		4F72B6D228F478380015AA8B /* Debug */ = {
			isa = XCBuildConfiguration;
			buildSettings = {
				ALWAYS_SEARCH_USER_PATHS = NO;
				CLANG_ANALYZER_NONNULL = YES;
				CLANG_ANALYZER_NUMBER_OBJECT_CONVERSION = YES_AGGRESSIVE;
				CLANG_CXX_LANGUAGE_STANDARD = "gnu++20";
				CLANG_ENABLE_MODULES = YES;
				CLANG_ENABLE_OBJC_ARC = YES;
				CLANG_ENABLE_OBJC_WEAK = YES;
				CLANG_WARN_BLOCK_CAPTURE_AUTORELEASING = YES;
				CLANG_WARN_BOOL_CONVERSION = YES;
				CLANG_WARN_COMMA = YES;
				CLANG_WARN_CONSTANT_CONVERSION = YES;
				CLANG_WARN_DEPRECATED_OBJC_IMPLEMENTATIONS = YES;
				CLANG_WARN_DIRECT_OBJC_ISA_USAGE = YES_ERROR;
				CLANG_WARN_DOCUMENTATION_COMMENTS = YES;
				CLANG_WARN_EMPTY_BODY = YES;
				CLANG_WARN_ENUM_CONVERSION = YES;
				CLANG_WARN_INFINITE_RECURSION = YES;
				CLANG_WARN_INT_CONVERSION = YES;
				CLANG_WARN_NON_LITERAL_NULL_CONVERSION = YES;
				CLANG_WARN_OBJC_IMPLICIT_RETAIN_SELF = YES;
				CLANG_WARN_OBJC_LITERAL_CONVERSION = YES;
				CLANG_WARN_OBJC_ROOT_CLASS = YES_ERROR;
				CLANG_WARN_QUOTED_INCLUDE_IN_FRAMEWORK_HEADER = YES;
				CLANG_WARN_RANGE_LOOP_ANALYSIS = YES;
				CLANG_WARN_STRICT_PROTOTYPES = YES;
				CLANG_WARN_SUSPICIOUS_MOVE = YES;
				CLANG_WARN_UNGUARDED_AVAILABILITY = YES_AGGRESSIVE;
				CLANG_WARN_UNREACHABLE_CODE = YES;
				CLANG_WARN__DUPLICATE_METHOD_MATCH = YES;
				COPY_PHASE_STRIP = NO;
				DEBUG_INFORMATION_FORMAT = dwarf;
				ENABLE_STRICT_OBJC_MSGSEND = YES;
				ENABLE_TESTABILITY = YES;
				GCC_C_LANGUAGE_STANDARD = gnu11;
				GCC_DYNAMIC_NO_PIC = NO;
				GCC_NO_COMMON_BLOCKS = YES;
				GCC_OPTIMIZATION_LEVEL = 0;
				GCC_PREPROCESSOR_DEFINITIONS = (
					"DEBUG=1",
					"$(inherited)",
				);
				GCC_WARN_64_TO_32_BIT_CONVERSION = YES;
				GCC_WARN_ABOUT_RETURN_TYPE = YES_ERROR;
				GCC_WARN_UNDECLARED_SELECTOR = YES;
				GCC_WARN_UNINITIALIZED_AUTOS = YES_AGGRESSIVE;
				GCC_WARN_UNUSED_FUNCTION = YES;
				GCC_WARN_UNUSED_VARIABLE = YES;
				IPHONEOS_DEPLOYMENT_TARGET = 16.0;
				MTL_ENABLE_DEBUG_INFO = INCLUDE_SOURCE;
				MTL_FAST_MATH = YES;
				ONLY_ACTIVE_ARCH = YES;
				SDKROOT = iphoneos;
				SWIFT_ACTIVE_COMPILATION_CONDITIONS = DEBUG;
				SWIFT_OPTIMIZATION_LEVEL = "-Onone";
			};
			name = Debug;
		};
		4F72B6D328F478380015AA8B /* Release */ = {
			isa = XCBuildConfiguration;
			buildSettings = {
				ALWAYS_SEARCH_USER_PATHS = NO;
				CLANG_ANALYZER_NONNULL = YES;
				CLANG_ANALYZER_NUMBER_OBJECT_CONVERSION = YES_AGGRESSIVE;
				CLANG_CXX_LANGUAGE_STANDARD = "gnu++20";
				CLANG_ENABLE_MODULES = YES;
				CLANG_ENABLE_OBJC_ARC = YES;
				CLANG_ENABLE_OBJC_WEAK = YES;
				CLANG_WARN_BLOCK_CAPTURE_AUTORELEASING = YES;
				CLANG_WARN_BOOL_CONVERSION = YES;
				CLANG_WARN_COMMA = YES;
				CLANG_WARN_CONSTANT_CONVERSION = YES;
				CLANG_WARN_DEPRECATED_OBJC_IMPLEMENTATIONS = YES;
				CLANG_WARN_DIRECT_OBJC_ISA_USAGE = YES_ERROR;
				CLANG_WARN_DOCUMENTATION_COMMENTS = YES;
				CLANG_WARN_EMPTY_BODY = YES;
				CLANG_WARN_ENUM_CONVERSION = YES;
				CLANG_WARN_INFINITE_RECURSION = YES;
				CLANG_WARN_INT_CONVERSION = YES;
				CLANG_WARN_NON_LITERAL_NULL_CONVERSION = YES;
				CLANG_WARN_OBJC_IMPLICIT_RETAIN_SELF = YES;
				CLANG_WARN_OBJC_LITERAL_CONVERSION = YES;
				CLANG_WARN_OBJC_ROOT_CLASS = YES_ERROR;
				CLANG_WARN_QUOTED_INCLUDE_IN_FRAMEWORK_HEADER = YES;
				CLANG_WARN_RANGE_LOOP_ANALYSIS = YES;
				CLANG_WARN_STRICT_PROTOTYPES = YES;
				CLANG_WARN_SUSPICIOUS_MOVE = YES;
				CLANG_WARN_UNGUARDED_AVAILABILITY = YES_AGGRESSIVE;
				CLANG_WARN_UNREACHABLE_CODE = YES;
				CLANG_WARN__DUPLICATE_METHOD_MATCH = YES;
				COPY_PHASE_STRIP = NO;
				DEBUG_INFORMATION_FORMAT = "dwarf-with-dsym";
				ENABLE_NS_ASSERTIONS = NO;
				ENABLE_STRICT_OBJC_MSGSEND = YES;
				GCC_C_LANGUAGE_STANDARD = gnu11;
				GCC_NO_COMMON_BLOCKS = YES;
				GCC_WARN_64_TO_32_BIT_CONVERSION = YES;
				GCC_WARN_ABOUT_RETURN_TYPE = YES_ERROR;
				GCC_WARN_UNDECLARED_SELECTOR = YES;
				GCC_WARN_UNINITIALIZED_AUTOS = YES_AGGRESSIVE;
				GCC_WARN_UNUSED_FUNCTION = YES;
				GCC_WARN_UNUSED_VARIABLE = YES;
				IPHONEOS_DEPLOYMENT_TARGET = 16.0;
				MTL_ENABLE_DEBUG_INFO = NO;
				MTL_FAST_MATH = YES;
				SDKROOT = iphoneos;
				SWIFT_COMPILATION_MODE = wholemodule;
				SWIFT_OPTIMIZATION_LEVEL = "-O";
				VALIDATE_PRODUCT = YES;
			};
			name = Release;
		};
		4F72B6D528F478380015AA8B /* Debug */ = {
			isa = XCBuildConfiguration;
			buildSettings = {
				ASSETCATALOG_COMPILER_APPICON_NAME = AppIcon;
				ASSETCATALOG_COMPILER_GLOBAL_ACCENT_COLOR_NAME = AccentColor;
				CODE_SIGN_STYLE = Automatic;
				CURRENT_PROJECT_VERSION = 1;
				DEVELOPMENT_TEAM = 8QDSW22UKG;
				GENERATE_INFOPLIST_FILE = YES;
				INFOPLIST_FILE = CustomTabBar/Info.plist;
				INFOPLIST_KEY_UIApplicationSupportsIndirectInputEvents = YES;
				INFOPLIST_KEY_UILaunchStoryboardName = LaunchScreen;
				INFOPLIST_KEY_UIMainStoryboardFile = Main;
				INFOPLIST_KEY_UISupportedInterfaceOrientations_iPad = "UIInterfaceOrientationPortrait UIInterfaceOrientationPortraitUpsideDown UIInterfaceOrientationLandscapeLeft UIInterfaceOrientationLandscapeRight";
				INFOPLIST_KEY_UISupportedInterfaceOrientations_iPhone = "UIInterfaceOrientationPortrait UIInterfaceOrientationLandscapeLeft UIInterfaceOrientationLandscapeRight";
				IPHONEOS_DEPLOYMENT_TARGET = 15.5;
				LD_RUNPATH_SEARCH_PATHS = (
					"$(inherited)",
					"@executable_path/Frameworks",
				);
				MARKETING_VERSION = 1.0;
				PRODUCT_BUNDLE_IDENTIFIER = com.sunny.CustomTabBar;
				PRODUCT_NAME = "$(TARGET_NAME)";
				SUPPORTED_PLATFORMS = "iphoneos iphonesimulator";
				SUPPORTS_MACCATALYST = NO;
				SUPPORTS_MAC_DESIGNED_FOR_IPHONE_IPAD = NO;
				SWIFT_EMIT_LOC_STRINGS = YES;
				SWIFT_VERSION = 5.0;
				TARGETED_DEVICE_FAMILY = 1;
			};
			name = Debug;
		};
		4F72B6D628F478380015AA8B /* Release */ = {
			isa = XCBuildConfiguration;
			buildSettings = {
				ASSETCATALOG_COMPILER_APPICON_NAME = AppIcon;
				ASSETCATALOG_COMPILER_GLOBAL_ACCENT_COLOR_NAME = AccentColor;
				CODE_SIGN_STYLE = Automatic;
				CURRENT_PROJECT_VERSION = 1;
				DEVELOPMENT_TEAM = 8QDSW22UKG;
				GENERATE_INFOPLIST_FILE = YES;
				INFOPLIST_FILE = CustomTabBar/Info.plist;
				INFOPLIST_KEY_UIApplicationSupportsIndirectInputEvents = YES;
				INFOPLIST_KEY_UILaunchStoryboardName = LaunchScreen;
				INFOPLIST_KEY_UIMainStoryboardFile = Main;
				INFOPLIST_KEY_UISupportedInterfaceOrientations_iPad = "UIInterfaceOrientationPortrait UIInterfaceOrientationPortraitUpsideDown UIInterfaceOrientationLandscapeLeft UIInterfaceOrientationLandscapeRight";
				INFOPLIST_KEY_UISupportedInterfaceOrientations_iPhone = "UIInterfaceOrientationPortrait UIInterfaceOrientationLandscapeLeft UIInterfaceOrientationLandscapeRight";
				IPHONEOS_DEPLOYMENT_TARGET = 15.5;
				LD_RUNPATH_SEARCH_PATHS = (
					"$(inherited)",
					"@executable_path/Frameworks",
				);
				MARKETING_VERSION = 1.0;
				PRODUCT_BUNDLE_IDENTIFIER = com.sunny.CustomTabBar;
				PRODUCT_NAME = "$(TARGET_NAME)";
				SUPPORTED_PLATFORMS = "iphoneos iphonesimulator";
				SUPPORTS_MACCATALYST = NO;
				SUPPORTS_MAC_DESIGNED_FOR_IPHONE_IPAD = NO;
				SWIFT_EMIT_LOC_STRINGS = YES;
				SWIFT_VERSION = 5.0;
				TARGETED_DEVICE_FAMILY = 1;
			};
			name = Release;
		};
/* End XCBuildConfiguration section */

/* Begin XCConfigurationList section */
		4F72B6BB28F478360015AA8B /* Build configuration list for PBXProject "CustomTabBar" */ = {
			isa = XCConfigurationList;
			buildConfigurations = (
				4F72B6D228F478380015AA8B /* Debug */,
				4F72B6D328F478380015AA8B /* Release */,
			);
			defaultConfigurationIsVisible = 0;
			defaultConfigurationName = Release;
		};
		4F72B6D428F478380015AA8B /* Build configuration list for PBXNativeTarget "CustomTabBar" */ = {
			isa = XCConfigurationList;
			buildConfigurations = (
				4F72B6D528F478380015AA8B /* Debug */,
				4F72B6D628F478380015AA8B /* Release */,
			);
			defaultConfigurationIsVisible = 0;
			defaultConfigurationName = Release;
		};
/* End XCConfigurationList section */
	};
	rootObject = 4F72B6B828F478360015AA8B /* Project object */;
}
