// !$*UTF8*$!
{
	archiveVersion = 1;
	classes = {
	};
	objectVersion = 55;
	objects = {

/* Begin PBXBuildFile section */
		491923AC40DD220CB1284383 /* Pods_Realm_practice.framework in Frameworks */ = {isa = PBXBuildFile; fileRef = 436D6F64C30FC5553A77E9F8 /* Pods_Realm_practice.framework */; };
		4FA12BEC290ED97C007F60DB /* AppDelegate.swift in Sources */ = {isa = PBXBuildFile; fileRef = 4FA12BEB290ED97C007F60DB /* AppDelegate.swift */; };
		4FA12BEE290ED97C007F60DB /* SceneDelegate.swift in Sources */ = {isa = PBXBuildFile; fileRef = 4FA12BED290ED97C007F60DB /* SceneDelegate.swift */; };
		4FA12BF0290ED97C007F60DB /* ViewController.swift in Sources */ = {isa = PBXBuildFile; fileRef = 4FA12BEF290ED97C007F60DB /* ViewController.swift */; };
		4FA12BF3290ED97C007F60DB /* Main.storyboard in Resources */ = {isa = PBXBuildFile; fileRef = 4FA12BF1290ED97C007F60DB /* Main.storyboard */; };
		4FA12BF5290ED97D007F60DB /* Assets.xcassets in Resources */ = {isa = PBXBuildFile; fileRef = 4FA12BF4290ED97D007F60DB /* Assets.xcassets */; };
		4FA12BF8290ED97D007F60DB /* LaunchScreen.storyboard in Resources */ = {isa = PBXBuildFile; fileRef = 4FA12BF6290ED97D007F60DB /* LaunchScreen.storyboard */; };
		4FA12C01290EDCCE007F60DB /* Model.swift in Sources */ = {isa = PBXBuildFile; fileRef = 4FA12C00290EDCCE007F60DB /* Model.swift */; };
		4FA12C04290FC835007F60DB /* TodoTableViewCell.swift in Sources */ = {isa = PBXBuildFile; fileRef = 4FA12C03290FC835007F60DB /* TodoTableViewCell.swift */; };
/* End PBXBuildFile section */

/* Begin PBXFileReference section */
		36CDAF025B231861F8A2FCB1 /* Pods-Realm_practice.debug.xcconfig */ = {isa = PBXFileReference; includeInIndex = 1; lastKnownFileType = text.xcconfig; name = "Pods-Realm_practice.debug.xcconfig"; path = "Target Support Files/Pods-Realm_practice/Pods-Realm_practice.debug.xcconfig"; sourceTree = "<group>"; };
		436D6F64C30FC5553A77E9F8 /* Pods_Realm_practice.framework */ = {isa = PBXFileReference; explicitFileType = wrapper.framework; includeInIndex = 0; path = Pods_Realm_practice.framework; sourceTree = BUILT_PRODUCTS_DIR; };
		4FA12BE8290ED97C007F60DB /* Realm_practice.app */ = {isa = PBXFileReference; explicitFileType = wrapper.application; includeInIndex = 0; path = Realm_practice.app; sourceTree = BUILT_PRODUCTS_DIR; };
		4FA12BEB290ED97C007F60DB /* AppDelegate.swift */ = {isa = PBXFileReference; lastKnownFileType = sourcecode.swift; path = AppDelegate.swift; sourceTree = "<group>"; };
		4FA12BED290ED97C007F60DB /* SceneDelegate.swift */ = {isa = PBXFileReference; lastKnownFileType = sourcecode.swift; path = SceneDelegate.swift; sourceTree = "<group>"; };
		4FA12BEF290ED97C007F60DB /* ViewController.swift */ = {isa = PBXFileReference; lastKnownFileType = sourcecode.swift; path = ViewController.swift; sourceTree = "<group>"; };
		4FA12BF2290ED97C007F60DB /* Base */ = {isa = PBXFileReference; lastKnownFileType = file.storyboard; name = Base; path = Base.lproj/Main.storyboard; sourceTree = "<group>"; };
		4FA12BF4290ED97D007F60DB /* Assets.xcassets */ = {isa = PBXFileReference; lastKnownFileType = folder.assetcatalog; path = Assets.xcassets; sourceTree = "<group>"; };
		4FA12BF7290ED97D007F60DB /* Base */ = {isa = PBXFileReference; lastKnownFileType = file.storyboard; name = Base; path = Base.lproj/LaunchScreen.storyboard; sourceTree = "<group>"; };
		4FA12BF9290ED97D007F60DB /* Info.plist */ = {isa = PBXFileReference; lastKnownFileType = text.plist.xml; path = Info.plist; sourceTree = "<group>"; };
		4FA12C00290EDCCE007F60DB /* Model.swift */ = {isa = PBXFileReference; lastKnownFileType = sourcecode.swift; path = Model.swift; sourceTree = "<group>"; };
		4FA12C03290FC835007F60DB /* TodoTableViewCell.swift */ = {isa = PBXFileReference; lastKnownFileType = sourcecode.swift; path = TodoTableViewCell.swift; sourceTree = "<group>"; };
		A9EEB9EACE3C3BB0EE4A7223 /* Pods-Realm_practice.release.xcconfig */ = {isa = PBXFileReference; includeInIndex = 1; lastKnownFileType = text.xcconfig; name = "Pods-Realm_practice.release.xcconfig"; path = "Target Support Files/Pods-Realm_practice/Pods-Realm_practice.release.xcconfig"; sourceTree = "<group>"; };
/* End PBXFileReference section */

/* Begin PBXFrameworksBuildPhase section */
		4FA12BE5290ED97C007F60DB /* Frameworks */ = {
			isa = PBXFrameworksBuildPhase;
			buildActionMask = 2147483647;
			files = (
				491923AC40DD220CB1284383 /* Pods_Realm_practice.framework in Frameworks */,
			);
			runOnlyForDeploymentPostprocessing = 0;
		};
/* End PBXFrameworksBuildPhase section */

/* Begin PBXGroup section */
		4FA12BDF290ED97C007F60DB = {
			isa = PBXGroup;
			children = (
				4FA12BEA290ED97C007F60DB /* Realm_practice */,
				4FA12BE9290ED97C007F60DB /* Products */,
				BE6D0E2D174582A736B88A38 /* Pods */,
				D08BF53BE382198CA90FF24E /* Frameworks */,
			);
			sourceTree = "<group>";
		};
		4FA12BE9290ED97C007F60DB /* Products */ = {
			isa = PBXGroup;
			children = (
				4FA12BE8290ED97C007F60DB /* Realm_practice.app */,
			);
			name = Products;
			sourceTree = "<group>";
		};
		4FA12BEA290ED97C007F60DB /* Realm_practice */ = {
			isa = PBXGroup;
			children = (
				4FA12BEB290ED97C007F60DB /* AppDelegate.swift */,
				4FA12BED290ED97C007F60DB /* SceneDelegate.swift */,
				4FA12C02290FC81D007F60DB /* Views */,
				4FA12BFF290EDCAB007F60DB /* Data */,
				4FA12BF4290ED97D007F60DB /* Assets.xcassets */,
				4FA12BF6290ED97D007F60DB /* LaunchScreen.storyboard */,
				4FA12BF9290ED97D007F60DB /* Info.plist */,
			);
			path = Realm_practice;
			sourceTree = "<group>";
		};
		4FA12BFF290EDCAB007F60DB /* Data */ = {
			isa = PBXGroup;
			children = (
				4FA12C00290EDCCE007F60DB /* Model.swift */,
			);
			path = Data;
			sourceTree = "<group>";
		};
		4FA12C02290FC81D007F60DB /* Views */ = {
			isa = PBXGroup;
			children = (
				4FA12BEF290ED97C007F60DB /* ViewController.swift */,
				4FA12BF1290ED97C007F60DB /* Main.storyboard */,
				4FA12C03290FC835007F60DB /* TodoTableViewCell.swift */,
			);
			path = Views;
			sourceTree = "<group>";
		};
		BE6D0E2D174582A736B88A38 /* Pods */ = {
			isa = PBXGroup;
			children = (
				36CDAF025B231861F8A2FCB1 /* Pods-Realm_practice.debug.xcconfig */,
				A9EEB9EACE3C3BB0EE4A7223 /* Pods-Realm_practice.release.xcconfig */,
			);
			path = Pods;
			sourceTree = "<group>";
		};
		D08BF53BE382198CA90FF24E /* Frameworks */ = {
			isa = PBXGroup;
			children = (
				436D6F64C30FC5553A77E9F8 /* Pods_Realm_practice.framework */,
			);
			name = Frameworks;
			sourceTree = "<group>";
		};
/* End PBXGroup section */

/* Begin PBXNativeTarget section */
		4FA12BE7290ED97C007F60DB /* Realm_practice */ = {
			isa = PBXNativeTarget;
			buildConfigurationList = 4FA12BFC290ED97D007F60DB /* Build configuration list for PBXNativeTarget "Realm_practice" */;
			buildPhases = (
				7524CEB152380213FA6008EF /* [CP] Check Pods Manifest.lock */,
				4FA12BE4290ED97C007F60DB /* Sources */,
				4FA12BE5290ED97C007F60DB /* Frameworks */,
				4FA12BE6290ED97C007F60DB /* Resources */,
				19293F98A13B437C93B524F0 /* [CP] Embed Pods Frameworks */,
			);
			buildRules = (
			);
			dependencies = (
			);
			name = Realm_practice;
			productName = Realm_practice;
			productReference = 4FA12BE8290ED97C007F60DB /* Realm_practice.app */;
			productType = "com.apple.product-type.application";
		};
/* End PBXNativeTarget section */

/* Begin PBXProject section */
		4FA12BE0290ED97C007F60DB /* Project object */ = {
			isa = PBXProject;
			attributes = {
				BuildIndependentTargetsInParallel = 1;
				LastSwiftUpdateCheck = 1400;
				LastUpgradeCheck = 1400;
				TargetAttributes = {
					4FA12BE7290ED97C007F60DB = {
						CreatedOnToolsVersion = 14.0.1;
					};
				};
			};
			buildConfigurationList = 4FA12BE3290ED97C007F60DB /* Build configuration list for PBXProject "Realm_practice" */;
			compatibilityVersion = "Xcode 13.0";
			developmentRegion = en;
			hasScannedForEncodings = 0;
			knownRegions = (
				en,
				Base,
			);
			mainGroup = 4FA12BDF290ED97C007F60DB;
			productRefGroup = 4FA12BE9290ED97C007F60DB /* Products */;
			projectDirPath = "";
			projectRoot = "";
			targets = (
				4FA12BE7290ED97C007F60DB /* Realm_practice */,
			);
		};
/* End PBXProject section */

/* Begin PBXResourcesBuildPhase section */
		4FA12BE6290ED97C007F60DB /* Resources */ = {
			isa = PBXResourcesBuildPhase;
			buildActionMask = 2147483647;
			files = (
				4FA12BF8290ED97D007F60DB /* LaunchScreen.storyboard in Resources */,
				4FA12BF5290ED97D007F60DB /* Assets.xcassets in Resources */,
				4FA12BF3290ED97C007F60DB /* Main.storyboard in Resources */,
			);
			runOnlyForDeploymentPostprocessing = 0;
		};
/* End PBXResourcesBuildPhase section */

/* Begin PBXShellScriptBuildPhase section */
		19293F98A13B437C93B524F0 /* [CP] Embed Pods Frameworks */ = {
			isa = PBXShellScriptBuildPhase;
			buildActionMask = 2147483647;
			files = (
			);
			inputFileListPaths = (
				"${PODS_ROOT}/Target Support Files/Pods-Realm_practice/Pods-Realm_practice-frameworks-${CONFIGURATION}-input-files.xcfilelist",
			);
			name = "[CP] Embed Pods Frameworks";
			outputFileListPaths = (
				"${PODS_ROOT}/Target Support Files/Pods-Realm_practice/Pods-Realm_practice-frameworks-${CONFIGURATION}-output-files.xcfilelist",
			);
			runOnlyForDeploymentPostprocessing = 0;
			shellPath = /bin/sh;
			shellScript = "\"${PODS_ROOT}/Target Support Files/Pods-Realm_practice/Pods-Realm_practice-frameworks.sh\"\n";
			showEnvVarsInLog = 0;
		};
		7524CEB152380213FA6008EF /* [CP] Check Pods Manifest.lock */ = {
			isa = PBXShellScriptBuildPhase;
			buildActionMask = 2147483647;
			files = (
			);
			inputFileListPaths = (
			);
			inputPaths = (
				"${PODS_PODFILE_DIR_PATH}/Podfile.lock",
				"${PODS_ROOT}/Manifest.lock",
			);
			name = "[CP] Check Pods Manifest.lock";
			outputFileListPaths = (
			);
			outputPaths = (
				"$(DERIVED_FILE_DIR)/Pods-Realm_practice-checkManifestLockResult.txt",
			);
			runOnlyForDeploymentPostprocessing = 0;
			shellPath = /bin/sh;
			shellScript = "diff \"${PODS_PODFILE_DIR_PATH}/Podfile.lock\" \"${PODS_ROOT}/Manifest.lock\" > /dev/null\nif [ $? != 0 ] ; then\n    # print error to STDERR\n    echo \"error: The sandbox is not in sync with the Podfile.lock. Run 'pod install' or update your CocoaPods installation.\" >&2\n    exit 1\nfi\n# This output is used by Xcode 'outputs' to avoid re-running this script phase.\necho \"SUCCESS\" > \"${SCRIPT_OUTPUT_FILE_0}\"\n";
			showEnvVarsInLog = 0;
		};
/* End PBXShellScriptBuildPhase section */

/* Begin PBXSourcesBuildPhase section */
		4FA12BE4290ED97C007F60DB /* Sources */ = {
			isa = PBXSourcesBuildPhase;
			buildActionMask = 2147483647;
			files = (
				4FA12C04290FC835007F60DB /* TodoTableViewCell.swift in Sources */,
				4FA12BF0290ED97C007F60DB /* ViewController.swift in Sources */,
				4FA12BEC290ED97C007F60DB /* AppDelegate.swift in Sources */,
				4FA12BEE290ED97C007F60DB /* SceneDelegate.swift in Sources */,
				4FA12C01290EDCCE007F60DB /* Model.swift in Sources */,
			);
			runOnlyForDeploymentPostprocessing = 0;
		};
/* End PBXSourcesBuildPhase section */

/* Begin PBXVariantGroup section */
		4FA12BF1290ED97C007F60DB /* Main.storyboard */ = {
			isa = PBXVariantGroup;
			children = (
				4FA12BF2290ED97C007F60DB /* Base */,
			);
			name = Main.storyboard;
			sourceTree = "<group>";
		};
		4FA12BF6290ED97D007F60DB /* LaunchScreen.storyboard */ = {
			isa = PBXVariantGroup;
			children = (
				4FA12BF7290ED97D007F60DB /* Base */,
			);
			name = LaunchScreen.storyboard;
			sourceTree = "<group>";
		};
/* End PBXVariantGroup section */

/* Begin XCBuildConfiguration section */
		4FA12BFA290ED97D007F60DB /* Debug */ = {
			isa = XCBuildConfiguration;
			buildSettings = {
				ALWAYS_SEARCH_USER_PATHS = NO;
				CLANG_ANALYZER_NONNULL = YES;
				CLANG_ANALYZER_NUMBER_OBJECT_CONVERSION = YES_AGGRESSIVE;
				CLANG_CXX_LANGUAGE_STANDARD = "gnu++20";
				CLANG_ENABLE_MODULES = YES;
				CLANG_ENABLE_OBJC_ARC = YES;
				CLANG_ENABLE_OBJC_WEAK = YES;
				CLANG_WARN_BLOCK_CAPTURE_AUTORELEASING = YES;
				CLANG_WARN_BOOL_CONVERSION = YES;
				CLANG_WARN_COMMA = YES;
				CLANG_WARN_CONSTANT_CONVERSION = YES;
				CLANG_WARN_DEPRECATED_OBJC_IMPLEMENTATIONS = YES;
				CLANG_WARN_DIRECT_OBJC_ISA_USAGE = YES_ERROR;
				CLANG_WARN_DOCUMENTATION_COMMENTS = YES;
				CLANG_WARN_EMPTY_BODY = YES;
				CLANG_WARN_ENUM_CONVERSION = YES;
				CLANG_WARN_INFINITE_RECURSION = YES;
				CLANG_WARN_INT_CONVERSION = YES;
				CLANG_WARN_NON_LITERAL_NULL_CONVERSION = YES;
				CLANG_WARN_OBJC_IMPLICIT_RETAIN_SELF = YES;
				CLANG_WARN_OBJC_LITERAL_CONVERSION = YES;
				CLANG_WARN_OBJC_ROOT_CLASS = YES_ERROR;
				CLANG_WARN_QUOTED_INCLUDE_IN_FRAMEWORK_HEADER = YES;
				CLANG_WARN_RANGE_LOOP_ANALYSIS = YES;
				CLANG_WARN_STRICT_PROTOTYPES = YES;
				CLANG_WARN_SUSPICIOUS_MOVE = YES;
				CLANG_WARN_UNGUARDED_AVAILABILITY = YES_AGGRESSIVE;
				CLANG_WARN_UNREACHABLE_CODE = YES;
				CLANG_WARN__DUPLICATE_METHOD_MATCH = YES;
				COPY_PHASE_STRIP = NO;
				DEBUG_INFORMATION_FORMAT = dwarf;
				ENABLE_STRICT_OBJC_MSGSEND = YES;
				ENABLE_TESTABILITY = YES;
				GCC_C_LANGUAGE_STANDARD = gnu11;
				GCC_DYNAMIC_NO_PIC = NO;
				GCC_NO_COMMON_BLOCKS = YES;
				GCC_OPTIMIZATION_LEVEL = 0;
				GCC_PREPROCESSOR_DEFINITIONS = (
					"DEBUG=1",
					"$(inherited)",
				);
				GCC_WARN_64_TO_32_BIT_CONVERSION = YES;
				GCC_WARN_ABOUT_RETURN_TYPE = YES_ERROR;
				GCC_WARN_UNDECLARED_SELECTOR = YES;
				GCC_WARN_UNINITIALIZED_AUTOS = YES_AGGRESSIVE;
				GCC_WARN_UNUSED_FUNCTION = YES;
				GCC_WARN_UNUSED_VARIABLE = YES;
				IPHONEOS_DEPLOYMENT_TARGET = 16.0;
				MTL_ENABLE_DEBUG_INFO = INCLUDE_SOURCE;
				MTL_FAST_MATH = YES;
				ONLY_ACTIVE_ARCH = YES;
				SDKROOT = iphoneos;
				SWIFT_ACTIVE_COMPILATION_CONDITIONS = DEBUG;
				SWIFT_OPTIMIZATION_LEVEL = "-Onone";
			};
			name = Debug;
		};
		4FA12BFB290ED97D007F60DB /* Release */ = {
			isa = XCBuildConfiguration;
			buildSettings = {
				ALWAYS_SEARCH_USER_PATHS = NO;
				CLANG_ANALYZER_NONNULL = YES;
				CLANG_ANALYZER_NUMBER_OBJECT_CONVERSION = YES_AGGRESSIVE;
				CLANG_CXX_LANGUAGE_STANDARD = "gnu++20";
				CLANG_ENABLE_MODULES = YES;
				CLANG_ENABLE_OBJC_ARC = YES;
				CLANG_ENABLE_OBJC_WEAK = YES;
				CLANG_WARN_BLOCK_CAPTURE_AUTORELEASING = YES;
				CLANG_WARN_BOOL_CONVERSION = YES;
				CLANG_WARN_COMMA = YES;
				CLANG_WARN_CONSTANT_CONVERSION = YES;
				CLANG_WARN_DEPRECATED_OBJC_IMPLEMENTATIONS = YES;
				CLANG_WARN_DIRECT_OBJC_ISA_USAGE = YES_ERROR;
				CLANG_WARN_DOCUMENTATION_COMMENTS = YES;
				CLANG_WARN_EMPTY_BODY = YES;
				CLANG_WARN_ENUM_CONVERSION = YES;
				CLANG_WARN_INFINITE_RECURSION = YES;
				CLANG_WARN_INT_CONVERSION = YES;
				CLANG_WARN_NON_LITERAL_NULL_CONVERSION = YES;
				CLANG_WARN_OBJC_IMPLICIT_RETAIN_SELF = YES;
				CLANG_WARN_OBJC_LITERAL_CONVERSION = YES;
				CLANG_WARN_OBJC_ROOT_CLASS = YES_ERROR;
				CLANG_WARN_QUOTED_INCLUDE_IN_FRAMEWORK_HEADER = YES;
				CLANG_WARN_RANGE_LOOP_ANALYSIS = YES;
				CLANG_WARN_STRICT_PROTOTYPES = YES;
				CLANG_WARN_SUSPICIOUS_MOVE = YES;
				CLANG_WARN_UNGUARDED_AVAILABILITY = YES_AGGRESSIVE;
				CLANG_WARN_UNREACHABLE_CODE = YES;
				CLANG_WARN__DUPLICATE_METHOD_MATCH = YES;
				COPY_PHASE_STRIP = NO;
				DEBUG_INFORMATION_FORMAT = "dwarf-with-dsym";
				ENABLE_NS_ASSERTIONS = NO;
				ENABLE_STRICT_OBJC_MSGSEND = YES;
				GCC_C_LANGUAGE_STANDARD = gnu11;
				GCC_NO_COMMON_BLOCKS = YES;
				GCC_WARN_64_TO_32_BIT_CONVERSION = YES;
				GCC_WARN_ABOUT_RETURN_TYPE = YES_ERROR;
				GCC_WARN_UNDECLARED_SELECTOR = YES;
				GCC_WARN_UNINITIALIZED_AUTOS = YES_AGGRESSIVE;
				GCC_WARN_UNUSED_FUNCTION = YES;
				GCC_WARN_UNUSED_VARIABLE = YES;
				IPHONEOS_DEPLOYMENT_TARGET = 16.0;
				MTL_ENABLE_DEBUG_INFO = NO;
				MTL_FAST_MATH = YES;
				SDKROOT = iphoneos;
				SWIFT_COMPILATION_MODE = wholemodule;
				SWIFT_OPTIMIZATION_LEVEL = "-O";
				VALIDATE_PRODUCT = YES;
			};
			name = Release;
		};
		4FA12BFD290ED97D007F60DB /* Debug */ = {
			isa = XCBuildConfiguration;
			baseConfigurationReference = 36CDAF025B231861F8A2FCB1 /* Pods-Realm_practice.debug.xcconfig */;
			buildSettings = {
				ASSETCATALOG_COMPILER_APPICON_NAME = AppIcon;
				ASSETCATALOG_COMPILER_GLOBAL_ACCENT_COLOR_NAME = AccentColor;
				CODE_SIGN_STYLE = Automatic;
				CURRENT_PROJECT_VERSION = 1;
				DEVELOPMENT_TEAM = 8QDSW22UKG;
				GENERATE_INFOPLIST_FILE = YES;
				INFOPLIST_FILE = Realm_practice/Info.plist;
				INFOPLIST_KEY_UIApplicationSupportsIndirectInputEvents = YES;
				INFOPLIST_KEY_UILaunchStoryboardName = LaunchScreen;
				INFOPLIST_KEY_UIMainStoryboardFile = Main;
				INFOPLIST_KEY_UISupportedInterfaceOrientations_iPad = "UIInterfaceOrientationPortrait UIInterfaceOrientationPortraitUpsideDown UIInterfaceOrientationLandscapeLeft UIInterfaceOrientationLandscapeRight";
				INFOPLIST_KEY_UISupportedInterfaceOrientations_iPhone = "UIInterfaceOrientationPortrait UIInterfaceOrientationLandscapeLeft UIInterfaceOrientationLandscapeRight";
				LD_RUNPATH_SEARCH_PATHS = (
					"$(inherited)",
					"@executable_path/Frameworks",
				);
				MARKETING_VERSION = 1.0;
				PRODUCT_BUNDLE_IDENTIFIER = "com.sunny.Realm-practice";
				PRODUCT_NAME = "$(TARGET_NAME)";
				SUPPORTED_PLATFORMS = "iphoneos iphonesimulator";
				SUPPORTS_MACCATALYST = NO;
				SUPPORTS_MAC_DESIGNED_FOR_IPHONE_IPAD = NO;
				SWIFT_EMIT_LOC_STRINGS = YES;
				SWIFT_VERSION = 5.0;
				TARGETED_DEVICE_FAMILY = 1;
			};
			name = Debug;
		};
		4FA12BFE290ED97D007F60DB /* Release */ = {
			isa = XCBuildConfiguration;
			baseConfigurationReference = A9EEB9EACE3C3BB0EE4A7223 /* Pods-Realm_practice.release.xcconfig */;
			buildSettings = {
				ASSETCATALOG_COMPILER_APPICON_NAME = AppIcon;
				ASSETCATALOG_COMPILER_GLOBAL_ACCENT_COLOR_NAME = AccentColor;
				CODE_SIGN_STYLE = Automatic;
				CURRENT_PROJECT_VERSION = 1;
				DEVELOPMENT_TEAM = 8QDSW22UKG;
				GENERATE_INFOPLIST_FILE = YES;
				INFOPLIST_FILE = Realm_practice/Info.plist;
				INFOPLIST_KEY_UIApplicationSupportsIndirectInputEvents = YES;
				INFOPLIST_KEY_UILaunchStoryboardName = LaunchScreen;
				INFOPLIST_KEY_UIMainStoryboardFile = Main;
				INFOPLIST_KEY_UISupportedInterfaceOrientations_iPad = "UIInterfaceOrientationPortrait UIInterfaceOrientationPortraitUpsideDown UIInterfaceOrientationLandscapeLeft UIInterfaceOrientationLandscapeRight";
				INFOPLIST_KEY_UISupportedInterfaceOrientations_iPhone = "UIInterfaceOrientationPortrait UIInterfaceOrientationLandscapeLeft UIInterfaceOrientationLandscapeRight";
				LD_RUNPATH_SEARCH_PATHS = (
					"$(inherited)",
					"@executable_path/Frameworks",
				);
				MARKETING_VERSION = 1.0;
				PRODUCT_BUNDLE_IDENTIFIER = "com.sunny.Realm-practice";
				PRODUCT_NAME = "$(TARGET_NAME)";
				SUPPORTED_PLATFORMS = "iphoneos iphonesimulator";
				SUPPORTS_MACCATALYST = NO;
				SUPPORTS_MAC_DESIGNED_FOR_IPHONE_IPAD = NO;
				SWIFT_EMIT_LOC_STRINGS = YES;
				SWIFT_VERSION = 5.0;
				TARGETED_DEVICE_FAMILY = 1;
			};
			name = Release;
		};
/* End XCBuildConfiguration section */

/* Begin XCConfigurationList section */
		4FA12BE3290ED97C007F60DB /* Build configuration list for PBXProject "Realm_practice" */ = {
			isa = XCConfigurationList;
			buildConfigurations = (
				4FA12BFA290ED97D007F60DB /* Debug */,
				4FA12BFB290ED97D007F60DB /* Release */,
			);
			defaultConfigurationIsVisible = 0;
			defaultConfigurationName = Release;
		};
		4FA12BFC290ED97D007F60DB /* Build configuration list for PBXNativeTarget "Realm_practice" */ = {
			isa = XCConfigurationList;
			buildConfigurations = (
				4FA12BFD290ED97D007F60DB /* Debug */,
				4FA12BFE290ED97D007F60DB /* Release */,
			);
			defaultConfigurationIsVisible = 0;
			defaultConfigurationName = Release;
		};
/* End XCConfigurationList section */
	};
	rootObject = 4FA12BE0290ED97C007F60DB /* Project object */;
}
