// !$*UTF8*$!
{
	archiveVersion = 1;
	classes = {
	};
	objectVersion = 56;
	objects = {

/* Begin PBXBuildFile section */
		80F90C742A820903007E1D23 /* AppDelegate.swift in Sources */ = {isa = PBXBuildFile; fileRef = 80F90C732A820903007E1D23 /* AppDelegate.swift */; };
		80F90C762A820903007E1D23 /* SceneDelegate.swift in Sources */ = {isa = PBXBuildFile; fileRef = 80F90C752A820903007E1D23 /* SceneDelegate.swift */; };
		80F90C782A820903007E1D23 /* ViewController.swift in Sources */ = {isa = PBXBuildFile; fileRef = 80F90C772A820903007E1D23 /* ViewController.swift */; };
		80F90C7B2A820903007E1D23 /* Main.storyboard in Resources */ = {isa = PBXBuildFile; fileRef = 80F90C792A820903007E1D23 /* Main.storyboard */; };
		80F90C7E2A820903007E1D23 /* InfiniteCalendar.xcdatamodeld in Sources */ = {isa = PBXBuildFile; fileRef = 80F90C7C2A820903007E1D23 /* InfiniteCalendar.xcdatamodeld */; };
		80F90C802A820903007E1D23 /* Assets.xcassets in Resources */ = {isa = PBXBuildFile; fileRef = 80F90C7F2A820903007E1D23 /* Assets.xcassets */; };
		80F90C832A820903007E1D23 /* LaunchScreen.storyboard in Resources */ = {isa = PBXBuildFile; fileRef = 80F90C812A820903007E1D23 /* LaunchScreen.storyboard */; };
		80F90C8E2A820904007E1D23 /* InfiniteCalendarTests.swift in Sources */ = {isa = PBXBuildFile; fileRef = 80F90C8D2A820904007E1D23 /* InfiniteCalendarTests.swift */; };
		80F90C982A820904007E1D23 /* InfiniteCalendarUITests.swift in Sources */ = {isa = PBXBuildFile; fileRef = 80F90C972A820904007E1D23 /* InfiniteCalendarUITests.swift */; };
		80F90C9A2A820904007E1D23 /* InfiniteCalendarUITestsLaunchTests.swift in Sources */ = {isa = PBXBuildFile; fileRef = 80F90C992A820904007E1D23 /* InfiniteCalendarUITestsLaunchTests.swift */; };
		80F90CA72A8220E8007E1D23 /* DateCalculator.swift in Sources */ = {isa = PBXBuildFile; fileRef = 80F90CA62A8220E8007E1D23 /* DateCalculator.swift */; };
		80F90CA92A82217A007E1D23 /* DayComponent.swift in Sources */ = {isa = PBXBuildFile; fileRef = 80F90CA82A82217A007E1D23 /* DayComponent.swift */; };
		80F90CAB2A822195007E1D23 /* MonthComponent.swift in Sources */ = {isa = PBXBuildFile; fileRef = 80F90CAA2A822195007E1D23 /* MonthComponent.swift */; };
		80F90CAE2A822497007E1D23 /* CalendarView.swift in Sources */ = {isa = PBXBuildFile; fileRef = 80F90CAD2A822497007E1D23 /* CalendarView.swift */; };
		80F90CB02A822504007E1D23 /* DateCell.swift in Sources */ = {isa = PBXBuildFile; fileRef = 80F90CAF2A822504007E1D23 /* DateCell.swift */; };
		80F90CB22A822660007E1D23 /* UICollectionView+.swift in Sources */ = {isa = PBXBuildFile; fileRef = 80F90CB12A822660007E1D23 /* UICollectionView+.swift */; };
		80F90CB42A822688007E1D23 /* UICollectionViewCell+.swift in Sources */ = {isa = PBXBuildFile; fileRef = 80F90CB32A822688007E1D23 /* UICollectionViewCell+.swift */; };
		80F90CBC2A83BDA2007E1D23 /* DateCollectionCell.swift in Sources */ = {isa = PBXBuildFile; fileRef = 80F90CBB2A83BDA2007E1D23 /* DateCollectionCell.swift */; };
/* End PBXBuildFile section */

/* Begin PBXContainerItemProxy section */
		80F90C8A2A820904007E1D23 /* PBXContainerItemProxy */ = {
			isa = PBXContainerItemProxy;
			containerPortal = 80F90C682A820903007E1D23 /* Project object */;
			proxyType = 1;
			remoteGlobalIDString = 80F90C6F2A820903007E1D23;
			remoteInfo = InfiniteCalendar;
		};
		80F90C942A820904007E1D23 /* PBXContainerItemProxy */ = {
			isa = PBXContainerItemProxy;
			containerPortal = 80F90C682A820903007E1D23 /* Project object */;
			proxyType = 1;
			remoteGlobalIDString = 80F90C6F2A820903007E1D23;
			remoteInfo = InfiniteCalendar;
		};
/* End PBXContainerItemProxy section */

/* Begin PBXFileReference section */
		80F90C702A820903007E1D23 /* InfiniteCalendar.app */ = {isa = PBXFileReference; explicitFileType = wrapper.application; includeInIndex = 0; path = InfiniteCalendar.app; sourceTree = BUILT_PRODUCTS_DIR; };
		80F90C732A820903007E1D23 /* AppDelegate.swift */ = {isa = PBXFileReference; lastKnownFileType = sourcecode.swift; path = AppDelegate.swift; sourceTree = "<group>"; };
		80F90C752A820903007E1D23 /* SceneDelegate.swift */ = {isa = PBXFileReference; lastKnownFileType = sourcecode.swift; path = SceneDelegate.swift; sourceTree = "<group>"; };
		80F90C772A820903007E1D23 /* ViewController.swift */ = {isa = PBXFileReference; lastKnownFileType = sourcecode.swift; path = ViewController.swift; sourceTree = "<group>"; };
		80F90C7A2A820903007E1D23 /* Base */ = {isa = PBXFileReference; lastKnownFileType = file.storyboard; name = Base; path = Base.lproj/Main.storyboard; sourceTree = "<group>"; };
		80F90C7D2A820903007E1D23 /* InfiniteCalendar.xcdatamodel */ = {isa = PBXFileReference; lastKnownFileType = wrapper.xcdatamodel; path = InfiniteCalendar.xcdatamodel; sourceTree = "<group>"; };
		80F90C7F2A820903007E1D23 /* Assets.xcassets */ = {isa = PBXFileReference; lastKnownFileType = folder.assetcatalog; path = Assets.xcassets; sourceTree = "<group>"; };
		80F90C822A820903007E1D23 /* Base */ = {isa = PBXFileReference; lastKnownFileType = file.storyboard; name = Base; path = Base.lproj/LaunchScreen.storyboard; sourceTree = "<group>"; };
		80F90C842A820903007E1D23 /* Info.plist */ = {isa = PBXFileReference; lastKnownFileType = text.plist.xml; path = Info.plist; sourceTree = "<group>"; };
		80F90C892A820904007E1D23 /* InfiniteCalendarTests.xctest */ = {isa = PBXFileReference; explicitFileType = wrapper.cfbundle; includeInIndex = 0; path = InfiniteCalendarTests.xctest; sourceTree = BUILT_PRODUCTS_DIR; };
		80F90C8D2A820904007E1D23 /* InfiniteCalendarTests.swift */ = {isa = PBXFileReference; lastKnownFileType = sourcecode.swift; path = InfiniteCalendarTests.swift; sourceTree = "<group>"; };
		80F90C932A820904007E1D23 /* InfiniteCalendarUITests.xctest */ = {isa = PBXFileReference; explicitFileType = wrapper.cfbundle; includeInIndex = 0; path = InfiniteCalendarUITests.xctest; sourceTree = BUILT_PRODUCTS_DIR; };
		80F90C972A820904007E1D23 /* InfiniteCalendarUITests.swift */ = {isa = PBXFileReference; lastKnownFileType = sourcecode.swift; path = InfiniteCalendarUITests.swift; sourceTree = "<group>"; };
		80F90C992A820904007E1D23 /* InfiniteCalendarUITestsLaunchTests.swift */ = {isa = PBXFileReference; lastKnownFileType = sourcecode.swift; path = InfiniteCalendarUITestsLaunchTests.swift; sourceTree = "<group>"; };
		80F90CA62A8220E8007E1D23 /* DateCalculator.swift */ = {isa = PBXFileReference; lastKnownFileType = sourcecode.swift; path = DateCalculator.swift; sourceTree = "<group>"; };
		80F90CA82A82217A007E1D23 /* DayComponent.swift */ = {isa = PBXFileReference; lastKnownFileType = sourcecode.swift; path = DayComponent.swift; sourceTree = "<group>"; };
		80F90CAA2A822195007E1D23 /* MonthComponent.swift */ = {isa = PBXFileReference; lastKnownFileType = sourcecode.swift; path = MonthComponent.swift; sourceTree = "<group>"; };
		80F90CAD2A822497007E1D23 /* CalendarView.swift */ = {isa = PBXFileReference; lastKnownFileType = sourcecode.swift; path = CalendarView.swift; sourceTree = "<group>"; };
		80F90CAF2A822504007E1D23 /* DateCell.swift */ = {isa = PBXFileReference; lastKnownFileType = sourcecode.swift; path = DateCell.swift; sourceTree = "<group>"; };
		80F90CB12A822660007E1D23 /* UICollectionView+.swift */ = {isa = PBXFileReference; lastKnownFileType = sourcecode.swift; path = "UICollectionView+.swift"; sourceTree = "<group>"; };
		80F90CB32A822688007E1D23 /* UICollectionViewCell+.swift */ = {isa = PBXFileReference; lastKnownFileType = sourcecode.swift; path = "UICollectionViewCell+.swift"; sourceTree = "<group>"; };
		80F90CBB2A83BDA2007E1D23 /* DateCollectionCell.swift */ = {isa = PBXFileReference; lastKnownFileType = sourcecode.swift; path = DateCollectionCell.swift; sourceTree = "<group>"; };
/* End PBXFileReference section */

/* Begin PBXFrameworksBuildPhase section */
		80F90C6D2A820903007E1D23 /* Frameworks */ = {
			isa = PBXFrameworksBuildPhase;
			buildActionMask = 2147483647;
			files = (
			);
			runOnlyForDeploymentPostprocessing = 0;
		};
		80F90C862A820904007E1D23 /* Frameworks */ = {
			isa = PBXFrameworksBuildPhase;
			buildActionMask = 2147483647;
			files = (
			);
			runOnlyForDeploymentPostprocessing = 0;
		};
		80F90C902A820904007E1D23 /* Frameworks */ = {
			isa = PBXFrameworksBuildPhase;
			buildActionMask = 2147483647;
			files = (
			);
			runOnlyForDeploymentPostprocessing = 0;
		};
/* End PBXFrameworksBuildPhase section */

/* Begin PBXGroup section */
		80F90C672A820903007E1D23 = {
			isa = PBXGroup;
			children = (
				80F90C722A820903007E1D23 /* InfiniteCalendar */,
				80F90C8C2A820904007E1D23 /* InfiniteCalendarTests */,
				80F90C962A820904007E1D23 /* InfiniteCalendarUITests */,
				80F90C712A820903007E1D23 /* Products */,
			);
			sourceTree = "<group>";
		};
		80F90C712A820903007E1D23 /* Products */ = {
			isa = PBXGroup;
			children = (
				80F90C702A820903007E1D23 /* InfiniteCalendar.app */,
				80F90C892A820904007E1D23 /* InfiniteCalendarTests.xctest */,
				80F90C932A820904007E1D23 /* InfiniteCalendarUITests.xctest */,
			);
			name = Products;
			sourceTree = "<group>";
		};
		80F90C722A820903007E1D23 /* InfiniteCalendar */ = {
			isa = PBXGroup;
			children = (
				80F90C732A820903007E1D23 /* AppDelegate.swift */,
				80F90C752A820903007E1D23 /* SceneDelegate.swift */,
				80F90C772A820903007E1D23 /* ViewController.swift */,
				80F90CAC2A8221DF007E1D23 /* Models */,
				80F90CB62A8226B1007E1D23 /* Views */,
				80F90CB52A82268A007E1D23 /* Extensions */,
				80F90C792A820903007E1D23 /* Main.storyboard */,
				80F90C7F2A820903007E1D23 /* Assets.xcassets */,
				80F90C812A820903007E1D23 /* LaunchScreen.storyboard */,
				80F90C842A820903007E1D23 /* Info.plist */,
				80F90C7C2A820903007E1D23 /* InfiniteCalendar.xcdatamodeld */,
			);
			path = InfiniteCalendar;
			sourceTree = "<group>";
		};
		80F90C8C2A820904007E1D23 /* InfiniteCalendarTests */ = {
			isa = PBXGroup;
			children = (
				80F90C8D2A820904007E1D23 /* InfiniteCalendarTests.swift */,
			);
			path = InfiniteCalendarTests;
			sourceTree = "<group>";
		};
		80F90C962A820904007E1D23 /* InfiniteCalendarUITests */ = {
			isa = PBXGroup;
			children = (
				80F90C972A820904007E1D23 /* InfiniteCalendarUITests.swift */,
				80F90C992A820904007E1D23 /* InfiniteCalendarUITestsLaunchTests.swift */,
			);
			path = InfiniteCalendarUITests;
			sourceTree = "<group>";
		};
		80F90CAC2A8221DF007E1D23 /* Models */ = {
			isa = PBXGroup;
			children = (
				80F90CA62A8220E8007E1D23 /* DateCalculator.swift */,
				80F90CAA2A822195007E1D23 /* MonthComponent.swift */,
				80F90CA82A82217A007E1D23 /* DayComponent.swift */,
			);
			path = Models;
			sourceTree = "<group>";
		};
		80F90CB52A82268A007E1D23 /* Extensions */ = {
			isa = PBXGroup;
			children = (
				80F90CB12A822660007E1D23 /* UICollectionView+.swift */,
				80F90CB32A822688007E1D23 /* UICollectionViewCell+.swift */,
			);
			path = Extensions;
			sourceTree = "<group>";
		};
		80F90CB62A8226B1007E1D23 /* Views */ = {
			isa = PBXGroup;
			children = (
				80F90CAD2A822497007E1D23 /* CalendarView.swift */,
				80F90CAF2A822504007E1D23 /* DateCell.swift */,
				80F90CBB2A83BDA2007E1D23 /* DateCollectionCell.swift */,
			);
			path = Views;
			sourceTree = "<group>";
		};
/* End PBXGroup section */

/* Begin PBXNativeTarget section */
		80F90C6F2A820903007E1D23 /* InfiniteCalendar */ = {
			isa = PBXNativeTarget;
			buildConfigurationList = 80F90C9D2A820904007E1D23 /* Build configuration list for PBXNativeTarget "InfiniteCalendar" */;
			buildPhases = (
				80F90C6C2A820903007E1D23 /* Sources */,
				80F90C6D2A820903007E1D23 /* Frameworks */,
				80F90C6E2A820903007E1D23 /* Resources */,
			);
			buildRules = (
			);
			dependencies = (
			);
			name = InfiniteCalendar;
			productName = InfiniteCalendar;
			productReference = 80F90C702A820903007E1D23 /* InfiniteCalendar.app */;
			productType = "com.apple.product-type.application";
		};
		80F90C882A820904007E1D23 /* InfiniteCalendarTests */ = {
			isa = PBXNativeTarget;
			buildConfigurationList = 80F90CA02A820904007E1D23 /* Build configuration list for PBXNativeTarget "InfiniteCalendarTests" */;
			buildPhases = (
				80F90C852A820904007E1D23 /* Sources */,
				80F90C862A820904007E1D23 /* Frameworks */,
				80F90C872A820904007E1D23 /* Resources */,
			);
			buildRules = (
			);
			dependencies = (
				80F90C8B2A820904007E1D23 /* PBXTargetDependency */,
			);
			name = InfiniteCalendarTests;
			productName = InfiniteCalendarTests;
			productReference = 80F90C892A820904007E1D23 /* InfiniteCalendarTests.xctest */;
			productType = "com.apple.product-type.bundle.unit-test";
		};
		80F90C922A820904007E1D23 /* InfiniteCalendarUITests */ = {
			isa = PBXNativeTarget;
			buildConfigurationList = 80F90CA32A820904007E1D23 /* Build configuration list for PBXNativeTarget "InfiniteCalendarUITests" */;
			buildPhases = (
				80F90C8F2A820904007E1D23 /* Sources */,
				80F90C902A820904007E1D23 /* Frameworks */,
				80F90C912A820904007E1D23 /* Resources */,
			);
			buildRules = (
			);
			dependencies = (
				80F90C952A820904007E1D23 /* PBXTargetDependency */,
			);
			name = InfiniteCalendarUITests;
			productName = InfiniteCalendarUITests;
			productReference = 80F90C932A820904007E1D23 /* InfiniteCalendarUITests.xctest */;
			productType = "com.apple.product-type.bundle.ui-testing";
		};
/* End PBXNativeTarget section */

/* Begin PBXProject section */
		80F90C682A820903007E1D23 /* Project object */ = {
			isa = PBXProject;
			attributes = {
				BuildIndependentTargetsInParallel = 1;
				LastSwiftUpdateCheck = 1430;
				LastUpgradeCheck = 1430;
				TargetAttributes = {
					80F90C6F2A820903007E1D23 = {
						CreatedOnToolsVersion = 14.3.1;
					};
					80F90C882A820904007E1D23 = {
						CreatedOnToolsVersion = 14.3.1;
						TestTargetID = 80F90C6F2A820903007E1D23;
					};
					80F90C922A820904007E1D23 = {
						CreatedOnToolsVersion = 14.3.1;
						TestTargetID = 80F90C6F2A820903007E1D23;
					};
				};
			};
			buildConfigurationList = 80F90C6B2A820903007E1D23 /* Build configuration list for PBXProject "InfiniteCalendar" */;
			compatibilityVersion = "Xcode 14.0";
			developmentRegion = en;
			hasScannedForEncodings = 0;
			knownRegions = (
				en,
				Base,
			);
			mainGroup = 80F90C672A820903007E1D23;
			productRefGroup = 80F90C712A820903007E1D23 /* Products */;
			projectDirPath = "";
			projectRoot = "";
			targets = (
				80F90C6F2A820903007E1D23 /* InfiniteCalendar */,
				80F90C882A820904007E1D23 /* InfiniteCalendarTests */,
				80F90C922A820904007E1D23 /* InfiniteCalendarUITests */,
			);
		};
/* End PBXProject section */

/* Begin PBXResourcesBuildPhase section */
		80F90C6E2A820903007E1D23 /* Resources */ = {
			isa = PBXResourcesBuildPhase;
			buildActionMask = 2147483647;
			files = (
				80F90C832A820903007E1D23 /* LaunchScreen.storyboard in Resources */,
				80F90C802A820903007E1D23 /* Assets.xcassets in Resources */,
				80F90C7B2A820903007E1D23 /* Main.storyboard in Resources */,
			);
			runOnlyForDeploymentPostprocessing = 0;
		};
		80F90C872A820904007E1D23 /* Resources */ = {
			isa = PBXResourcesBuildPhase;
			buildActionMask = 2147483647;
			files = (
			);
			runOnlyForDeploymentPostprocessing = 0;
		};
		80F90C912A820904007E1D23 /* Resources */ = {
			isa = PBXResourcesBuildPhase;
			buildActionMask = 2147483647;
			files = (
			);
			runOnlyForDeploymentPostprocessing = 0;
		};
/* End PBXResourcesBuildPhase section */

/* Begin PBXSourcesBuildPhase section */
		80F90C6C2A820903007E1D23 /* Sources */ = {
			isa = PBXSourcesBuildPhase;
			buildActionMask = 2147483647;
			files = (
				80F90C782A820903007E1D23 /* ViewController.swift in Sources */,
				80F90C7E2A820903007E1D23 /* InfiniteCalendar.xcdatamodeld in Sources */,
				80F90CB42A822688007E1D23 /* UICollectionViewCell+.swift in Sources */,
				80F90CAE2A822497007E1D23 /* CalendarView.swift in Sources */,
				80F90CA92A82217A007E1D23 /* DayComponent.swift in Sources */,
				80F90CB22A822660007E1D23 /* UICollectionView+.swift in Sources */,
				80F90CB02A822504007E1D23 /* DateCell.swift in Sources */,
				80F90CA72A8220E8007E1D23 /* DateCalculator.swift in Sources */,
				80F90C742A820903007E1D23 /* AppDelegate.swift in Sources */,
				80F90CBC2A83BDA2007E1D23 /* DateCollectionCell.swift in Sources */,
				80F90C762A820903007E1D23 /* SceneDelegate.swift in Sources */,
				80F90CAB2A822195007E1D23 /* MonthComponent.swift in Sources */,
			);
			runOnlyForDeploymentPostprocessing = 0;
		};
		80F90C852A820904007E1D23 /* Sources */ = {
			isa = PBXSourcesBuildPhase;
			buildActionMask = 2147483647;
			files = (
				80F90C8E2A820904007E1D23 /* InfiniteCalendarTests.swift in Sources */,
			);
			runOnlyForDeploymentPostprocessing = 0;
		};
		80F90C8F2A820904007E1D23 /* Sources */ = {
			isa = PBXSourcesBuildPhase;
			buildActionMask = 2147483647;
			files = (
				80F90C9A2A820904007E1D23 /* InfiniteCalendarUITestsLaunchTests.swift in Sources */,
				80F90C982A820904007E1D23 /* InfiniteCalendarUITests.swift in Sources */,
			);
			runOnlyForDeploymentPostprocessing = 0;
		};
/* End PBXSourcesBuildPhase section */

/* Begin PBXTargetDependency section */
		80F90C8B2A820904007E1D23 /* PBXTargetDependency */ = {
			isa = PBXTargetDependency;
			target = 80F90C6F2A820903007E1D23 /* InfiniteCalendar */;
			targetProxy = 80F90C8A2A820904007E1D23 /* PBXContainerItemProxy */;
		};
		80F90C952A820904007E1D23 /* PBXTargetDependency */ = {
			isa = PBXTargetDependency;
			target = 80F90C6F2A820903007E1D23 /* InfiniteCalendar */;
			targetProxy = 80F90C942A820904007E1D23 /* PBXContainerItemProxy */;
		};
/* End PBXTargetDependency section */

/* Begin PBXVariantGroup section */
		80F90C792A820903007E1D23 /* Main.storyboard */ = {
			isa = PBXVariantGroup;
			children = (
				80F90C7A2A820903007E1D23 /* Base */,
			);
			name = Main.storyboard;
			sourceTree = "<group>";
		};
		80F90C812A820903007E1D23 /* LaunchScreen.storyboard */ = {
			isa = PBXVariantGroup;
			children = (
				80F90C822A820903007E1D23 /* Base */,
			);
			name = LaunchScreen.storyboard;
			sourceTree = "<group>";
		};
/* End PBXVariantGroup section */

/* Begin XCBuildConfiguration section */
		80F90C9B2A820904007E1D23 /* Debug */ = {
			isa = XCBuildConfiguration;
			buildSettings = {
				ALWAYS_SEARCH_USER_PATHS = NO;
				CLANG_ANALYZER_NONNULL = YES;
				CLANG_ANALYZER_NUMBER_OBJECT_CONVERSION = YES_AGGRESSIVE;
				CLANG_CXX_LANGUAGE_STANDARD = "gnu++20";
				CLANG_ENABLE_MODULES = YES;
				CLANG_ENABLE_OBJC_ARC = YES;
				CLANG_ENABLE_OBJC_WEAK = YES;
				CLANG_WARN_BLOCK_CAPTURE_AUTORELEASING = YES;
				CLANG_WARN_BOOL_CONVERSION = YES;
				CLANG_WARN_COMMA = YES;
				CLANG_WARN_CONSTANT_CONVERSION = YES;
				CLANG_WARN_DEPRECATED_OBJC_IMPLEMENTATIONS = YES;
				CLANG_WARN_DIRECT_OBJC_ISA_USAGE = YES_ERROR;
				CLANG_WARN_DOCUMENTATION_COMMENTS = YES;
				CLANG_WARN_EMPTY_BODY = YES;
				CLANG_WARN_ENUM_CONVERSION = YES;
				CLANG_WARN_INFINITE_RECURSION = YES;
				CLANG_WARN_INT_CONVERSION = YES;
				CLANG_WARN_NON_LITERAL_NULL_CONVERSION = YES;
				CLANG_WARN_OBJC_IMPLICIT_RETAIN_SELF = YES;
				CLANG_WARN_OBJC_LITERAL_CONVERSION = YES;
				CLANG_WARN_OBJC_ROOT_CLASS = YES_ERROR;
				CLANG_WARN_QUOTED_INCLUDE_IN_FRAMEWORK_HEADER = YES;
				CLANG_WARN_RANGE_LOOP_ANALYSIS = YES;
				CLANG_WARN_STRICT_PROTOTYPES = YES;
				CLANG_WARN_SUSPICIOUS_MOVE = YES;
				CLANG_WARN_UNGUARDED_AVAILABILITY = YES_AGGRESSIVE;
				CLANG_WARN_UNREACHABLE_CODE = YES;
				CLANG_WARN__DUPLICATE_METHOD_MATCH = YES;
				COPY_PHASE_STRIP = NO;
				DEBUG_INFORMATION_FORMAT = dwarf;
				ENABLE_STRICT_OBJC_MSGSEND = YES;
				ENABLE_TESTABILITY = YES;
				GCC_C_LANGUAGE_STANDARD = gnu11;
				GCC_DYNAMIC_NO_PIC = NO;
				GCC_NO_COMMON_BLOCKS = YES;
				GCC_OPTIMIZATION_LEVEL = 0;
				GCC_PREPROCESSOR_DEFINITIONS = (
					"DEBUG=1",
					"$(inherited)",
				);
				GCC_WARN_64_TO_32_BIT_CONVERSION = YES;
				GCC_WARN_ABOUT_RETURN_TYPE = YES_ERROR;
				GCC_WARN_UNDECLARED_SELECTOR = YES;
				GCC_WARN_UNINITIALIZED_AUTOS = YES_AGGRESSIVE;
				GCC_WARN_UNUSED_FUNCTION = YES;
				GCC_WARN_UNUSED_VARIABLE = YES;
				IPHONEOS_DEPLOYMENT_TARGET = 16.4;
				MTL_ENABLE_DEBUG_INFO = INCLUDE_SOURCE;
				MTL_FAST_MATH = YES;
				ONLY_ACTIVE_ARCH = YES;
				SDKROOT = iphoneos;
				SWIFT_ACTIVE_COMPILATION_CONDITIONS = DEBUG;
				SWIFT_OPTIMIZATION_LEVEL = "-Onone";
			};
			name = Debug;
		};
		80F90C9C2A820904007E1D23 /* Release */ = {
			isa = XCBuildConfiguration;
			buildSettings = {
				ALWAYS_SEARCH_USER_PATHS = NO;
				CLANG_ANALYZER_NONNULL = YES;
				CLANG_ANALYZER_NUMBER_OBJECT_CONVERSION = YES_AGGRESSIVE;
				CLANG_CXX_LANGUAGE_STANDARD = "gnu++20";
				CLANG_ENABLE_MODULES = YES;
				CLANG_ENABLE_OBJC_ARC = YES;
				CLANG_ENABLE_OBJC_WEAK = YES;
				CLANG_WARN_BLOCK_CAPTURE_AUTORELEASING = YES;
				CLANG_WARN_BOOL_CONVERSION = YES;
				CLANG_WARN_COMMA = YES;
				CLANG_WARN_CONSTANT_CONVERSION = YES;
				CLANG_WARN_DEPRECATED_OBJC_IMPLEMENTATIONS = YES;
				CLANG_WARN_DIRECT_OBJC_ISA_USAGE = YES_ERROR;
				CLANG_WARN_DOCUMENTATION_COMMENTS = YES;
				CLANG_WARN_EMPTY_BODY = YES;
				CLANG_WARN_ENUM_CONVERSION = YES;
				CLANG_WARN_INFINITE_RECURSION = YES;
				CLANG_WARN_INT_CONVERSION = YES;
				CLANG_WARN_NON_LITERAL_NULL_CONVERSION = YES;
				CLANG_WARN_OBJC_IMPLICIT_RETAIN_SELF = YES;
				CLANG_WARN_OBJC_LITERAL_CONVERSION = YES;
				CLANG_WARN_OBJC_ROOT_CLASS = YES_ERROR;
				CLANG_WARN_QUOTED_INCLUDE_IN_FRAMEWORK_HEADER = YES;
				CLANG_WARN_RANGE_LOOP_ANALYSIS = YES;
				CLANG_WARN_STRICT_PROTOTYPES = YES;
				CLANG_WARN_SUSPICIOUS_MOVE = YES;
				CLANG_WARN_UNGUARDED_AVAILABILITY = YES_AGGRESSIVE;
				CLANG_WARN_UNREACHABLE_CODE = YES;
				CLANG_WARN__DUPLICATE_METHOD_MATCH = YES;
				COPY_PHASE_STRIP = NO;
				DEBUG_INFORMATION_FORMAT = "dwarf-with-dsym";
				ENABLE_NS_ASSERTIONS = NO;
				ENABLE_STRICT_OBJC_MSGSEND = YES;
				GCC_C_LANGUAGE_STANDARD = gnu11;
				GCC_NO_COMMON_BLOCKS = YES;
				GCC_WARN_64_TO_32_BIT_CONVERSION = YES;
				GCC_WARN_ABOUT_RETURN_TYPE = YES_ERROR;
				GCC_WARN_UNDECLARED_SELECTOR = YES;
				GCC_WARN_UNINITIALIZED_AUTOS = YES_AGGRESSIVE;
				GCC_WARN_UNUSED_FUNCTION = YES;
				GCC_WARN_UNUSED_VARIABLE = YES;
				IPHONEOS_DEPLOYMENT_TARGET = 16.4;
				MTL_ENABLE_DEBUG_INFO = NO;
				MTL_FAST_MATH = YES;
				SDKROOT = iphoneos;
				SWIFT_COMPILATION_MODE = wholemodule;
				SWIFT_OPTIMIZATION_LEVEL = "-O";
				VALIDATE_PRODUCT = YES;
			};
			name = Release;
		};
		80F90C9E2A820904007E1D23 /* Debug */ = {
			isa = XCBuildConfiguration;
			buildSettings = {
				ASSETCATALOG_COMPILER_APPICON_NAME = AppIcon;
				ASSETCATALOG_COMPILER_GLOBAL_ACCENT_COLOR_NAME = AccentColor;
				CODE_SIGN_STYLE = Automatic;
				CURRENT_PROJECT_VERSION = 1;
				DEVELOPMENT_TEAM = F2W258F5P6;
				GENERATE_INFOPLIST_FILE = YES;
				INFOPLIST_FILE = InfiniteCalendar/Info.plist;
				INFOPLIST_KEY_UIApplicationSupportsIndirectInputEvents = YES;
				INFOPLIST_KEY_UILaunchStoryboardName = LaunchScreen;
				INFOPLIST_KEY_UIMainStoryboardFile = Main;
				INFOPLIST_KEY_UISupportedInterfaceOrientations_iPad = "UIInterfaceOrientationPortrait UIInterfaceOrientationPortraitUpsideDown UIInterfaceOrientationLandscapeLeft UIInterfaceOrientationLandscapeRight";
				INFOPLIST_KEY_UISupportedInterfaceOrientations_iPhone = "UIInterfaceOrientationPortrait UIInterfaceOrientationLandscapeLeft UIInterfaceOrientationLandscapeRight";
				LD_RUNPATH_SEARCH_PATHS = (
					"$(inherited)",
					"@executable_path/Frameworks",
				);
				MARKETING_VERSION = 1.0;
				PRODUCT_BUNDLE_IDENTIFIER = com.sunny.InfiniteCalendar;
				PRODUCT_NAME = "$(TARGET_NAME)";
				SWIFT_EMIT_LOC_STRINGS = YES;
				SWIFT_VERSION = 5.0;
				TARGETED_DEVICE_FAMILY = "1,2";
			};
			name = Debug;
		};
		80F90C9F2A820904007E1D23 /* Release */ = {
			isa = XCBuildConfiguration;
			buildSettings = {
				ASSETCATALOG_COMPILER_APPICON_NAME = AppIcon;
				ASSETCATALOG_COMPILER_GLOBAL_ACCENT_COLOR_NAME = AccentColor;
				CODE_SIGN_STYLE = Automatic;
				CURRENT_PROJECT_VERSION = 1;
				DEVELOPMENT_TEAM = F2W258F5P6;
				GENERATE_INFOPLIST_FILE = YES;
				INFOPLIST_FILE = InfiniteCalendar/Info.plist;
				INFOPLIST_KEY_UIApplicationSupportsIndirectInputEvents = YES;
				INFOPLIST_KEY_UILaunchStoryboardName = LaunchScreen;
				INFOPLIST_KEY_UIMainStoryboardFile = Main;
				INFOPLIST_KEY_UISupportedInterfaceOrientations_iPad = "UIInterfaceOrientationPortrait UIInterfaceOrientationPortraitUpsideDown UIInterfaceOrientationLandscapeLeft UIInterfaceOrientationLandscapeRight";
				INFOPLIST_KEY_UISupportedInterfaceOrientations_iPhone = "UIInterfaceOrientationPortrait UIInterfaceOrientationLandscapeLeft UIInterfaceOrientationLandscapeRight";
				LD_RUNPATH_SEARCH_PATHS = (
					"$(inherited)",
					"@executable_path/Frameworks",
				);
				MARKETING_VERSION = 1.0;
				PRODUCT_BUNDLE_IDENTIFIER = com.sunny.InfiniteCalendar;
				PRODUCT_NAME = "$(TARGET_NAME)";
				SWIFT_EMIT_LOC_STRINGS = YES;
				SWIFT_VERSION = 5.0;
				TARGETED_DEVICE_FAMILY = "1,2";
			};
			name = Release;
		};
		80F90CA12A820904007E1D23 /* Debug */ = {
			isa = XCBuildConfiguration;
			buildSettings = {
				ALWAYS_EMBED_SWIFT_STANDARD_LIBRARIES = YES;
				BUNDLE_LOADER = "$(TEST_HOST)";
				CODE_SIGN_STYLE = Automatic;
				CURRENT_PROJECT_VERSION = 1;
				DEVELOPMENT_TEAM = F2W258F5P6;
				GENERATE_INFOPLIST_FILE = YES;
				IPHONEOS_DEPLOYMENT_TARGET = 16.4;
				MARKETING_VERSION = 1.0;
				PRODUCT_BUNDLE_IDENTIFIER = com.sunny.InfiniteCalendarTests;
				PRODUCT_NAME = "$(TARGET_NAME)";
				SWIFT_EMIT_LOC_STRINGS = NO;
				SWIFT_VERSION = 5.0;
				TARGETED_DEVICE_FAMILY = "1,2";
				TEST_HOST = "$(BUILT_PRODUCTS_DIR)/InfiniteCalendar.app/$(BUNDLE_EXECUTABLE_FOLDER_PATH)/InfiniteCalendar";
			};
			name = Debug;
		};
		80F90CA22A820904007E1D23 /* Release */ = {
			isa = XCBuildConfiguration;
			buildSettings = {
				ALWAYS_EMBED_SWIFT_STANDARD_LIBRARIES = YES;
				BUNDLE_LOADER = "$(TEST_HOST)";
				CODE_SIGN_STYLE = Automatic;
				CURRENT_PROJECT_VERSION = 1;
				DEVELOPMENT_TEAM = F2W258F5P6;
				GENERATE_INFOPLIST_FILE = YES;
				IPHONEOS_DEPLOYMENT_TARGET = 16.4;
				MARKETING_VERSION = 1.0;
				PRODUCT_BUNDLE_IDENTIFIER = com.sunny.InfiniteCalendarTests;
				PRODUCT_NAME = "$(TARGET_NAME)";
				SWIFT_EMIT_LOC_STRINGS = NO;
				SWIFT_VERSION = 5.0;
				TARGETED_DEVICE_FAMILY = "1,2";
				TEST_HOST = "$(BUILT_PRODUCTS_DIR)/InfiniteCalendar.app/$(BUNDLE_EXECUTABLE_FOLDER_PATH)/InfiniteCalendar";
			};
			name = Release;
		};
		80F90CA42A820904007E1D23 /* Debug */ = {
			isa = XCBuildConfiguration;
			buildSettings = {
				ALWAYS_EMBED_SWIFT_STANDARD_LIBRARIES = YES;
				CODE_SIGN_STYLE = Automatic;
				CURRENT_PROJECT_VERSION = 1;
				DEVELOPMENT_TEAM = F2W258F5P6;
				GENERATE_INFOPLIST_FILE = YES;
				MARKETING_VERSION = 1.0;
				PRODUCT_BUNDLE_IDENTIFIER = com.sunny.InfiniteCalendarUITests;
				PRODUCT_NAME = "$(TARGET_NAME)";
				SWIFT_EMIT_LOC_STRINGS = NO;
				SWIFT_VERSION = 5.0;
				TARGETED_DEVICE_FAMILY = "1,2";
				TEST_TARGET_NAME = InfiniteCalendar;
			};
			name = Debug;
		};
		80F90CA52A820904007E1D23 /* Release */ = {
			isa = XCBuildConfiguration;
			buildSettings = {
				ALWAYS_EMBED_SWIFT_STANDARD_LIBRARIES = YES;
				CODE_SIGN_STYLE = Automatic;
				CURRENT_PROJECT_VERSION = 1;
				DEVELOPMENT_TEAM = F2W258F5P6;
				GENERATE_INFOPLIST_FILE = YES;
				MARKETING_VERSION = 1.0;
				PRODUCT_BUNDLE_IDENTIFIER = com.sunny.InfiniteCalendarUITests;
				PRODUCT_NAME = "$(TARGET_NAME)";
				SWIFT_EMIT_LOC_STRINGS = NO;
				SWIFT_VERSION = 5.0;
				TARGETED_DEVICE_FAMILY = "1,2";
				TEST_TARGET_NAME = InfiniteCalendar;
			};
			name = Release;
		};
/* End XCBuildConfiguration section */

/* Begin XCConfigurationList section */
		80F90C6B2A820903007E1D23 /* Build configuration list for PBXProject "InfiniteCalendar" */ = {
			isa = XCConfigurationList;
			buildConfigurations = (
				80F90C9B2A820904007E1D23 /* Debug */,
				80F90C9C2A820904007E1D23 /* Release */,
			);
			defaultConfigurationIsVisible = 0;
			defaultConfigurationName = Release;
		};
		80F90C9D2A820904007E1D23 /* Build configuration list for PBXNativeTarget "InfiniteCalendar" */ = {
			isa = XCConfigurationList;
			buildConfigurations = (
				80F90C9E2A820904007E1D23 /* Debug */,
				80F90C9F2A820904007E1D23 /* Release */,
			);
			defaultConfigurationIsVisible = 0;
			defaultConfigurationName = Release;
		};
		80F90CA02A820904007E1D23 /* Build configuration list for PBXNativeTarget "InfiniteCalendarTests" */ = {
			isa = XCConfigurationList;
			buildConfigurations = (
				80F90CA12A820904007E1D23 /* Debug */,
				80F90CA22A820904007E1D23 /* Release */,
			);
			defaultConfigurationIsVisible = 0;
			defaultConfigurationName = Release;
		};
		80F90CA32A820904007E1D23 /* Build configuration list for PBXNativeTarget "InfiniteCalendarUITests" */ = {
			isa = XCConfigurationList;
			buildConfigurations = (
				80F90CA42A820904007E1D23 /* Debug */,
				80F90CA52A820904007E1D23 /* Release */,
			);
			defaultConfigurationIsVisible = 0;
			defaultConfigurationName = Release;
		};
/* End XCConfigurationList section */

/* Begin XCVersionGroup section */
		80F90C7C2A820903007E1D23 /* InfiniteCalendar.xcdatamodeld */ = {
			isa = XCVersionGroup;
			children = (
				80F90C7D2A820903007E1D23 /* InfiniteCalendar.xcdatamodel */,
			);
			currentVersion = 80F90C7D2A820903007E1D23 /* InfiniteCalendar.xcdatamodel */;
			path = InfiniteCalendar.xcdatamodeld;
			sourceTree = "<group>";
			versionGroupType = wrapper.xcdatamodel;
		};
/* End XCVersionGroup section */
	};
	rootObject = 80F90C682A820903007E1D23 /* Project object */;
}
